
Microsoft Visual Studio Solution File, Format Version 12.00
# Visual Studio Version 17
VisualStudioVersion = 17.0.31903.59
MinimumVisualStudioVersion = 10.0.40219.1
Project("{2150E333-8FDC-42A3-9474-1A3956D46DE8}") = "src", "src", "{827E0CD3-B72D-47B6-A68D-7590B98EB39B}"
EndProject
Project("{2150E333-8FDC-42A3-9474-1A3956D46DE8}") = "BuildingBlocks", "BuildingBlocks", "{90298CBA-BD6F-3A0A-69D5-97CAD7B05E7E}"
EndProject
Project("{FAE04EC0-301F-11D3-BF4B-00C04F79EFBC}") = "BuildingBlocks.Contracts", "src\BuildingBlocks\BuildingBlocks.Contracts\BuildingBlocks.Contracts.csproj", "{B7AE060B-811D-4AD6-8367-663C5E7490E0}"
EndProject
Project("{FAE04EC0-301F-11D3-BF4B-00C04F79EFBC}") = "BuildingBlocks.Domain", "src\BuildingBlocks\BuildingBlocks.Domain\BuildingBlocks.Domain.csproj", "{314AC2C4-9694-4B5C-92A1-F356AE9706E3}"
EndProject
Project("{FAE04EC0-301F-11D3-BF4B-00C04F79EFBC}") = "BuildingBlocks.Application", "src\BuildingBlocks\BuildingBlocks.Application\BuildingBlocks.Application.csproj", "{B679A0B7-0E84-49D4-ABA4-6D3E6785624D}"
EndProject
Project("{FAE04EC0-301F-11D3-BF4B-00C04F79EFBC}") = "BuildingBlocks.Infrastructure", "src\BuildingBlocks\BuildingBlocks.Infrastructure\BuildingBlocks.Infrastructure.csproj", "{D48C576F-2BEA-4CC0-ABC9-80B10D872717}"
EndProject
Project("{2150E333-8FDC-42A3-9474-1A3956D46DE8}") = "Gateway", "Gateway", "{6306A8FB-679E-111F-6585-8F70E0EE6013}"
EndProject
Project("{FAE04EC0-301F-11D3-BF4B-00C04F79EFBC}") = "CampusConnect.Gateway", "src\Gateway\CampusConnect.Gateway\CampusConnect.Gateway.csproj", "{83398E7B-25E3-45E0-BD57-FCD7B3B64533}"
EndProject
Project("{2150E333-8FDC-42A3-9474-1A3956D46DE8}") = "Services", "Services", "{984BB9B3-3FA3-BE33-9484-CAC21695A33C}"
EndProject
Project("{2150E333-8FDC-42A3-9474-1A3956D46DE8}") = "Identity", "Identity", "{1BFC9479-12BF-35C3-06B8-42D89D95092B}"
EndProject
Project("{FAE04EC0-301F-11D3-BF4B-00C04F79EFBC}") = "Identity.API", "src\Services\Identity\Identity.API\Identity.API.csproj", "{51261A15-2B1F-40D4-8684-77C92EA397AF}"
EndProject
Project("{2150E333-8FDC-42A3-9474-1A3956D46DE8}") = "Academic", "Academic", "{6308252C-E9DA-9E96-6E5D-5D1EC91EF9C2}"
EndProject
Project("{FAE04EC0-301F-11D3-BF4B-00C04F79EFBC}") = "Academic.API", "src\Services\Academic\Academic.API\Academic.API.csproj", "{839E692A-83DB-4655-B850-9C40072D6FB0}"
EndProject
Project("{2150E333-8FDC-42A3-9474-1A3956D46DE8}") = "Payments", "Payments", "{5D0AC027-C8EE-3244-A029-36278C99F1B8}"
EndProject
Project("{FAE04EC0-301F-11D3-BF4B-00C04F79EFBC}") = "Payments.API", "src\Services\Payments\Payments.API\Payments.API.csproj", "{6B393D29-AFB2-4735-A8C6-731B6A0C8AAA}"
EndProject
Project("{FAE04EC0-301F-11D3-BF4B-00C04F79EFBC}") = "Payments.Domain", "src\Services\Payments\Payments.Domain\Payments.Domain.csproj", "{A1B2C3D4-E5F6-7890-ABCD-EF1234567890}"
EndProject
Project("{FAE04EC0-301F-11D3-BF4B-00C04F79EFBC}") = "Payments.Application", "src\Services\Payments\Payments.Application\Payments.Application.csproj", "{B1C2D3E4-F5A6-7890-BCDE-F01234567891}"
EndProject
Project("{FAE04EC0-301F-11D3-BF4B-00C04F79EFBC}") = "Payments.Infrastructure", "src\Services\Payments\Payments.Infrastructure\Payments.Infrastructure.csproj", "{C1D2E3F4-A5B6-7890-CDEF-012345678902}"
EndProject
Project("{FAE04EC0-301F-11D3-BF4B-00C04F79EFBC}") = "Payments.Tests", "tests\Payments.Tests\Payments.Tests.csproj", "{D1E2F3A4-B5C6-7890-DEF0-123456789013}"
EndProject
Project("{2150E333-8FDC-42A3-9474-1A3956D46DE8}") = "Attendance", "Attendance", "{CCB037B1-8887-5A16-D510-C5142074CF12}"
EndProject
Project("{FAE04EC0-301F-11D3-BF4B-00C04F79EFBC}") = "Attendance.API", "src\Services\Attendance\Attendance.API\Attendance.API.csproj", "{461EC52F-6618-495B-9B35-0602889A5792}"
EndProject
Project("{FAE04EC0-301F-11D3-BF4B-00C04F79EFBC}") = "Attendance.Domain", "src\Services\Attendance\Attendance.Domain\Attendance.Domain.csproj", "{A2B3C4D5-E6F7-8901-ABCD-EF1234567891}"
EndProject
Project("{FAE04EC0-301F-11D3-BF4B-00C04F79EFBC}") = "Attendance.Application", "src\Services\Attendance\Attendance.Application\Attendance.Application.csproj", "{B2C3D4E5-F6A7-8901-BCDE-F01234567892}"
EndProject
Project("{FAE04EC0-301F-11D3-BF4B-00C04F79EFBC}") = "Attendance.Infrastructure", "src\Services\Attendance\Attendance.Infrastructure\Attendance.Infrastructure.csproj", "{C2D3E4F5-A6B7-8901-CDEF-012345678903}"
EndProject
Project("{FAE04EC0-301F-11D3-BF4B-00C04F79EFBC}") = "Attendance.Tests", "tests\Attendance.Tests\Attendance.Tests.csproj", "{D2E3F4A5-B6C7-8901-DEF0-123456789014}"
EndProject
Project("{2150E333-8FDC-42A3-9474-1A3956D46DE8}") = "Notifications", "Notifications", "{40B59F69-022F-A9EE-E3B7-096C1E81294B}"
EndProject
Project("{FAE04EC0-301F-11D3-BF4B-00C04F79EFBC}") = "Notifications.API", "src\Services\Notifications\Notifications.API\Notifications.API.csproj", "{164C61F6-AF76-41F8-83F5-46C46B00EFFB}"
EndProject
Project("{2150E333-8FDC-42A3-9474-1A3956D46DE8}") = "Analytics", "Analytics", "{BB77F832-879F-00F9-E108-00944EDB87D8}"
EndProject
Project("{FAE04EC0-301F-11D3-BF4B-00C04F79EFBC}") = "Analytics.API", "src\Services\Analytics\Analytics.API\Analytics.API.csproj", "{C1560591-8CD6-4B5D-806D-9F5FADC7BB29}"
EndProject
Project("{FAE04EC0-301F-11D3-BF4B-00C04F79EFBC}") = "Identity.Domain", "src\Services\Identity\Identity.Domain\Identity.Domain.csproj", "{712113F7-12A9-4B24-98AC-4AB6FCF29302}"
EndProject
Project("{2150E333-8FDC-42A3-9474-1A3956D46DE8}") = "tests", "tests", "{0AB3BF05-4346-4AA6-1389-037BE0695223}"
EndProject
Project("{FAE04EC0-301F-11D3-BF4B-00C04F79EFBC}") = "Identity.Tests", "tests\Identity.Tests\Identity.Tests.csproj", "{B1C4B60B-AC61-4E33-B502-0EA6C3846DFC}"
EndProject
Project("{FAE04EC0-301F-11D3-BF4B-00C04F79EFBC}") = "Identity.Application", "src\Services\Identity\Identity.Application\Identity.Application.csproj", "{5EAA42E3-F0E5-4E21-9145-DC44A0DE929B}"
EndProject
Project("{FAE04EC0-301F-11D3-BF4B-00C04F79EFBC}") = "Identity.Infrastructure", "src\Services\Identity\Identity.Infrastructure\Identity.Infrastructure.csproj", "{96EF1AC8-2E5F-494D-A737-A7B7B226C09A}"
EndProject
Project("{FAE04EC0-301F-11D3-BF4B-00C04F79EFBC}") = "Academic.Domain", "src\Services\Academic\Academic.Domain\Academic.Domain.csproj", "{08800D7C-B329-49DA-9991-41D697F9CDC1}"
EndProject
Project("{FAE04EC0-301F-11D3-BF4B-00C04F79EFBC}") = "Academic.Application", "src\Services\Academic\Academic.Application\Academic.Application.csproj", "{894CA081-8D65-48DF-8960-518C77600D9E}"
EndProject
Project("{FAE04EC0-301F-11D3-BF4B-00C04F79EFBC}") = "Academic.Infrastructure", "src\Services\Academic\Academic.Infrastructure\Academic.Infrastructure.csproj", "{CCC8B64D-B572-40A2-BE08-19082B3E72F8}"
EndProject
Project("{FAE04EC0-301F-11D3-BF4B-00C04F79EFBC}") = "Academic.Tests", "tests\Academic.Tests\Academic.Tests.csproj", "{64587EF4-ED92-45F7-93A2-CFC39E9D807D}"
EndProject
Global
	GlobalSection(SolutionConfigurationPlatforms) = preSolution
		Debug|Any CPU = Debug|Any CPU
		Debug|x64 = Debug|x64
		Debug|x86 = Debug|x86
		Release|Any CPU = Release|Any CPU
		Release|x64 = Release|x64
		Release|x86 = Release|x86
	EndGlobalSection
	GlobalSection(ProjectConfigurationPlatforms) = postSolution
		{B7AE060B-811D-4AD6-8367-663C5E7490E0}.Debug|Any CPU.ActiveCfg = Debug|Any CPU
		{B7AE060B-811D-4AD6-8367-663C5E7490E0}.Debug|Any CPU.Build.0 = Debug|Any CPU
		{B7AE060B-811D-4AD6-8367-663C5E7490E0}.Debug|x64.ActiveCfg = Debug|Any CPU
		{B7AE060B-811D-4AD6-8367-663C5E7490E0}.Debug|x64.Build.0 = Debug|Any CPU
		{B7AE060B-811D-4AD6-8367-663C5E7490E0}.Debug|x86.ActiveCfg = Debug|Any CPU
		{B7AE060B-811D-4AD6-8367-663C5E7490E0}.Debug|x86.Build.0 = Debug|Any CPU
		{B7AE060B-811D-4AD6-8367-663C5E7490E0}.Release|Any CPU.ActiveCfg = Release|Any CPU
		{B7AE060B-811D-4AD6-8367-663C5E7490E0}.Release|Any CPU.Build.0 = Release|Any CPU
		{B7AE060B-811D-4AD6-8367-663C5E7490E0}.Release|x64.ActiveCfg = Release|Any CPU
		{B7AE060B-811D-4AD6-8367-663C5E7490E0}.Release|x64.Build.0 = Release|Any CPU
		{B7AE060B-811D-4AD6-8367-663C5E7490E0}.Release|x86.ActiveCfg = Release|Any CPU
		{B7AE060B-811D-4AD6-8367-663C5E7490E0}.Release|x86.Build.0 = Release|Any CPU
		{314AC2C4-9694-4B5C-92A1-F356AE9706E3}.Debug|Any CPU.ActiveCfg = Debug|Any CPU
		{314AC2C4-9694-4B5C-92A1-F356AE9706E3}.Debug|Any CPU.Build.0 = Debug|Any CPU
		{314AC2C4-9694-4B5C-92A1-F356AE9706E3}.Debug|x64.ActiveCfg = Debug|Any CPU
		{314AC2C4-9694-4B5C-92A1-F356AE9706E3}.Debug|x64.Build.0 = Debug|Any CPU
		{314AC2C4-9694-4B5C-92A1-F356AE9706E3}.Debug|x86.ActiveCfg = Debug|Any CPU
		{314AC2C4-9694-4B5C-92A1-F356AE9706E3}.Debug|x86.Build.0 = Debug|Any CPU
		{314AC2C4-9694-4B5C-92A1-F356AE9706E3}.Release|Any CPU.ActiveCfg = Release|Any CPU
		{314AC2C4-9694-4B5C-92A1-F356AE9706E3}.Release|Any CPU.Build.0 = Release|Any CPU
		{314AC2C4-9694-4B5C-92A1-F356AE9706E3}.Release|x64.ActiveCfg = Release|Any CPU
		{314AC2C4-9694-4B5C-92A1-F356AE9706E3}.Release|x64.Build.0 = Release|Any CPU
		{314AC2C4-9694-4B5C-92A1-F356AE9706E3}.Release|x86.ActiveCfg = Release|Any CPU
		{314AC2C4-9694-4B5C-92A1-F356AE9706E3}.Release|x86.Build.0 = Release|Any CPU
		{B679A0B7-0E84-49D4-ABA4-6D3E6785624D}.Debug|Any CPU.ActiveCfg = Debug|Any CPU
		{B679A0B7-0E84-49D4-ABA4-6D3E6785624D}.Debug|Any CPU.Build.0 = Debug|Any CPU
		{B679A0B7-0E84-49D4-ABA4-6D3E6785624D}.Debug|x64.ActiveCfg = Debug|Any CPU
		{B679A0B7-0E84-49D4-ABA4-6D3E6785624D}.Debug|x64.Build.0 = Debug|Any CPU
		{B679A0B7-0E84-49D4-ABA4-6D3E6785624D}.Debug|x86.ActiveCfg = Debug|Any CPU
		{B679A0B7-0E84-49D4-ABA4-6D3E6785624D}.Debug|x86.Build.0 = Debug|Any CPU
		{B679A0B7-0E84-49D4-ABA4-6D3E6785624D}.Release|Any CPU.ActiveCfg = Release|Any CPU
		{B679A0B7-0E84-49D4-ABA4-6D3E6785624D}.Release|Any CPU.Build.0 = Release|Any CPU
		{B679A0B7-0E84-49D4-ABA4-6D3E6785624D}.Release|x64.ActiveCfg = Release|Any CPU
		{B679A0B7-0E84-49D4-ABA4-6D3E6785624D}.Release|x64.Build.0 = Release|Any CPU
		{B679A0B7-0E84-49D4-ABA4-6D3E6785624D}.Release|x86.ActiveCfg = Release|Any CPU
		{B679A0B7-0E84-49D4-ABA4-6D3E6785624D}.Release|x86.Build.0 = Release|Any CPU
		{D48C576F-2BEA-4CC0-ABC9-80B10D872717}.Debug|Any CPU.ActiveCfg = Debug|Any CPU
		{D48C576F-2BEA-4CC0-ABC9-80B10D872717}.Debug|Any CPU.Build.0 = Debug|Any CPU
		{D48C576F-2BEA-4CC0-ABC9-80B10D872717}.Debug|x64.ActiveCfg = Debug|Any CPU
		{D48C576F-2BEA-4CC0-ABC9-80B10D872717}.Debug|x64.Build.0 = Debug|Any CPU
		{D48C576F-2BEA-4CC0-ABC9-80B10D872717}.Debug|x86.ActiveCfg = Debug|Any CPU
		{D48C576F-2BEA-4CC0-ABC9-80B10D872717}.Debug|x86.Build.0 = Debug|Any CPU
		{D48C576F-2BEA-4CC0-ABC9-80B10D872717}.Release|Any CPU.ActiveCfg = Release|Any CPU
		{D48C576F-2BEA-4CC0-ABC9-80B10D872717}.Release|Any CPU.Build.0 = Release|Any CPU
		{D48C576F-2BEA-4CC0-ABC9-80B10D872717}.Release|x64.ActiveCfg = Release|Any CPU
		{D48C576F-2BEA-4CC0-ABC9-80B10D872717}.Release|x64.Build.0 = Release|Any CPU
		{D48C576F-2BEA-4CC0-ABC9-80B10D872717}.Release|x86.ActiveCfg = Release|Any CPU
		{D48C576F-2BEA-4CC0-ABC9-80B10D872717}.Release|x86.Build.0 = Release|Any CPU
		{83398E7B-25E3-45E0-BD57-FCD7B3B64533}.Debug|Any CPU.ActiveCfg = Debug|Any CPU
		{83398E7B-25E3-45E0-BD57-FCD7B3B64533}.Debug|Any CPU.Build.0 = Debug|Any CPU
		{83398E7B-25E3-45E0-BD57-FCD7B3B64533}.Debug|x64.ActiveCfg = Debug|Any CPU
		{83398E7B-25E3-45E0-BD57-FCD7B3B64533}.Debug|x64.Build.0 = Debug|Any CPU
		{83398E7B-25E3-45E0-BD57-FCD7B3B64533}.Debug|x86.ActiveCfg = Debug|Any CPU
		{83398E7B-25E3-45E0-BD57-FCD7B3B64533}.Debug|x86.Build.0 = Debug|Any CPU
		{83398E7B-25E3-45E0-BD57-FCD7B3B64533}.Release|Any CPU.ActiveCfg = Release|Any CPU
		{83398E7B-25E3-45E0-BD57-FCD7B3B64533}.Release|Any CPU.Build.0 = Release|Any CPU
		{83398E7B-25E3-45E0-BD57-FCD7B3B64533}.Release|x64.ActiveCfg = Release|Any CPU
		{83398E7B-25E3-45E0-BD57-FCD7B3B64533}.Release|x64.Build.0 = Release|Any CPU
		{83398E7B-25E3-45E0-BD57-FCD7B3B64533}.Release|x86.ActiveCfg = Release|Any CPU
		{83398E7B-25E3-45E0-BD57-FCD7B3B64533}.Release|x86.Build.0 = Release|Any CPU
		{51261A15-2B1F-40D4-8684-77C92EA397AF}.Debug|Any CPU.ActiveCfg = Debug|Any CPU
		{51261A15-2B1F-40D4-8684-77C92EA397AF}.Debug|Any CPU.Build.0 = Debug|Any CPU
		{51261A15-2B1F-40D4-8684-77C92EA397AF}.Debug|x64.ActiveCfg = Debug|Any CPU
		{51261A15-2B1F-40D4-8684-77C92EA397AF}.Debug|x64.Build.0 = Debug|Any CPU
		{51261A15-2B1F-40D4-8684-77C92EA397AF}.Debug|x86.ActiveCfg = Debug|Any CPU
		{51261A15-2B1F-40D4-8684-77C92EA397AF}.Debug|x86.Build.0 = Debug|Any CPU
		{51261A15-2B1F-40D4-8684-77C92EA397AF}.Release|Any CPU.ActiveCfg = Release|Any CPU
		{51261A15-2B1F-40D4-8684-77C92EA397AF}.Release|Any CPU.Build.0 = Release|Any CPU
		{51261A15-2B1F-40D4-8684-77C92EA397AF}.Release|x64.ActiveCfg = Release|Any CPU
		{51261A15-2B1F-40D4-8684-77C92EA397AF}.Release|x64.Build.0 = Release|Any CPU
		{51261A15-2B1F-40D4-8684-77C92EA397AF}.Release|x86.ActiveCfg = Release|Any CPU
		{51261A15-2B1F-40D4-8684-77C92EA397AF}.Release|x86.Build.0 = Release|Any CPU
		{839E692A-83DB-4655-B850-9C40072D6FB0}.Debug|Any CPU.ActiveCfg = Debug|Any CPU
		{839E692A-83DB-4655-B850-9C40072D6FB0}.Debug|Any CPU.Build.0 = Debug|Any CPU
		{839E692A-83DB-4655-B850-9C40072D6FB0}.Debug|x64.ActiveCfg = Debug|Any CPU
		{839E692A-83DB-4655-B850-9C40072D6FB0}.Debug|x64.Build.0 = Debug|Any CPU
		{839E692A-83DB-4655-B850-9C40072D6FB0}.Debug|x86.ActiveCfg = Debug|Any CPU
		{839E692A-83DB-4655-B850-9C40072D6FB0}.Debug|x86.Build.0 = Debug|Any CPU
		{839E692A-83DB-4655-B850-9C40072D6FB0}.Release|Any CPU.ActiveCfg = Release|Any CPU
		{839E692A-83DB-4655-B850-9C40072D6FB0}.Release|Any CPU.Build.0 = Release|Any CPU
		{839E692A-83DB-4655-B850-9C40072D6FB0}.Release|x64.ActiveCfg = Release|Any CPU
		{839E692A-83DB-4655-B850-9C40072D6FB0}.Release|x64.Build.0 = Release|Any CPU
		{839E692A-83DB-4655-B850-9C40072D6FB0}.Release|x86.ActiveCfg = Release|Any CPU
		{839E692A-83DB-4655-B850-9C40072D6FB0}.Release|x86.Build.0 = Release|Any CPU
		{6B393D29-AFB2-4735-A8C6-731B6A0C8AAA}.Debug|Any CPU.ActiveCfg = Debug|Any CPU
		{6B393D29-AFB2-4735-A8C6-731B6A0C8AAA}.Debug|Any CPU.Build.0 = Debug|Any CPU
		{6B393D29-AFB2-4735-A8C6-731B6A0C8AAA}.Debug|x64.ActiveCfg = Debug|Any CPU
		{6B393D29-AFB2-4735-A8C6-731B6A0C8AAA}.Debug|x64.Build.0 = Debug|Any CPU
		{6B393D29-AFB2-4735-A8C6-731B6A0C8AAA}.Debug|x86.ActiveCfg = Debug|Any CPU
		{6B393D29-AFB2-4735-A8C6-731B6A0C8AAA}.Debug|x86.Build.0 = Debug|Any CPU
		{6B393D29-AFB2-4735-A8C6-731B6A0C8AAA}.Release|Any CPU.ActiveCfg = Release|Any CPU
		{6B393D29-AFB2-4735-A8C6-731B6A0C8AAA}.Release|Any CPU.Build.0 = Release|Any CPU
		{6B393D29-AFB2-4735-A8C6-731B6A0C8AAA}.Release|x64.ActiveCfg = Release|Any CPU
		{6B393D29-AFB2-4735-A8C6-731B6A0C8AAA}.Release|x64.Build.0 = Release|Any CPU
		{6B393D29-AFB2-4735-A8C6-731B6A0C8AAA}.Release|x86.ActiveCfg = Release|Any CPU
		{6B393D29-AFB2-4735-A8C6-731B6A0C8AAA}.Release|x86.Build.0 = Release|Any CPU
		{461EC52F-6618-495B-9B35-0602889A5792}.Debug|Any CPU.ActiveCfg = Debug|Any CPU
		{461EC52F-6618-495B-9B35-0602889A5792}.Debug|Any CPU.Build.0 = Debug|Any CPU
		{461EC52F-6618-495B-9B35-0602889A5792}.Debug|x64.ActiveCfg = Debug|Any CPU
		{461EC52F-6618-495B-9B35-0602889A5792}.Debug|x64.Build.0 = Debug|Any CPU
		{461EC52F-6618-495B-9B35-0602889A5792}.Debug|x86.ActiveCfg = Debug|Any CPU
		{461EC52F-6618-495B-9B35-0602889A5792}.Debug|x86.Build.0 = Debug|Any CPU
		{461EC52F-6618-495B-9B35-0602889A5792}.Release|Any CPU.ActiveCfg = Release|Any CPU
		{461EC52F-6618-495B-9B35-0602889A5792}.Release|Any CPU.Build.0 = Release|Any CPU
		{461EC52F-6618-495B-9B35-0602889A5792}.Release|x64.ActiveCfg = Release|Any CPU
		{461EC52F-6618-495B-9B35-0602889A5792}.Release|x64.Build.0 = Release|Any CPU
		{461EC52F-6618-495B-9B35-0602889A5792}.Release|x86.ActiveCfg = Release|Any CPU
		{461EC52F-6618-495B-9B35-0602889A5792}.Release|x86.Build.0 = Release|Any CPU
		{164C61F6-AF76-41F8-83F5-46C46B00EFFB}.Debug|Any CPU.ActiveCfg = Debug|Any CPU
		{164C61F6-AF76-41F8-83F5-46C46B00EFFB}.Debug|Any CPU.Build.0 = Debug|Any CPU
		{164C61F6-AF76-41F8-83F5-46C46B00EFFB}.Debug|x64.ActiveCfg = Debug|Any CPU
		{164C61F6-AF76-41F8-83F5-46C46B00EFFB}.Debug|x64.Build.0 = Debug|Any CPU
		{164C61F6-AF76-41F8-83F5-46C46B00EFFB}.Debug|x86.ActiveCfg = Debug|Any CPU
		{164C61F6-AF76-41F8-83F5-46C46B00EFFB}.Debug|x86.Build.0 = Debug|Any CPU
		{164C61F6-AF76-41F8-83F5-46C46B00EFFB}.Release|Any CPU.ActiveCfg = Release|Any CPU
		{164C61F6-AF76-41F8-83F5-46C46B00EFFB}.Release|Any CPU.Build.0 = Release|Any CPU
		{164C61F6-AF76-41F8-83F5-46C46B00EFFB}.Release|x64.ActiveCfg = Release|Any CPU
		{164C61F6-AF76-41F8-83F5-46C46B00EFFB}.Release|x64.Build.0 = Release|Any CPU
		{164C61F6-AF76-41F8-83F5-46C46B00EFFB}.Release|x86.ActiveCfg = Release|Any CPU
		{164C61F6-AF76-41F8-83F5-46C46B00EFFB}.Release|x86.Build.0 = Release|Any CPU
		{C1560591-8CD6-4B5D-806D-9F5FADC7BB29}.Debug|Any CPU.ActiveCfg = Debug|Any CPU
		{C1560591-8CD6-4B5D-806D-9F5FADC7BB29}.Debug|Any CPU.Build.0 = Debug|Any CPU
		{C1560591-8CD6-4B5D-806D-9F5FADC7BB29}.Debug|x64.ActiveCfg = Debug|Any CPU
		{C1560591-8CD6-4B5D-806D-9F5FADC7BB29}.Debug|x64.Build.0 = Debug|Any CPU
		{C1560591-8CD6-4B5D-806D-9F5FADC7BB29}.Debug|x86.ActiveCfg = Debug|Any CPU
		{C1560591-8CD6-4B5D-806D-9F5FADC7BB29}.Debug|x86.Build.0 = Debug|Any CPU
		{C1560591-8CD6-4B5D-806D-9F5FADC7BB29}.Release|Any CPU.ActiveCfg = Release|Any CPU
		{C1560591-8CD6-4B5D-806D-9F5FADC7BB29}.Release|Any CPU.Build.0 = Release|Any CPU
		{C1560591-8CD6-4B5D-806D-9F5FADC7BB29}.Release|x64.ActiveCfg = Release|Any CPU
		{C1560591-8CD6-4B5D-806D-9F5FADC7BB29}.Release|x64.Build.0 = Release|Any CPU
		{C1560591-8CD6-4B5D-806D-9F5FADC7BB29}.Release|x86.ActiveCfg = Release|Any CPU
		{C1560591-8CD6-4B5D-806D-9F5FADC7BB29}.Release|x86.Build.0 = Release|Any CPU
		{712113F7-12A9-4B24-98AC-4AB6FCF29302}.Debug|Any CPU.ActiveCfg = Debug|Any CPU
		{712113F7-12A9-4B24-98AC-4AB6FCF29302}.Debug|Any CPU.Build.0 = Debug|Any CPU
		{712113F7-12A9-4B24-98AC-4AB6FCF29302}.Debug|x64.ActiveCfg = Debug|Any CPU
		{712113F7-12A9-4B24-98AC-4AB6FCF29302}.Debug|x64.Build.0 = Debug|Any CPU
		{712113F7-12A9-4B24-98AC-4AB6FCF29302}.Debug|x86.ActiveCfg = Debug|Any CPU
		{712113F7-12A9-4B24-98AC-4AB6FCF29302}.Debug|x86.Build.0 = Debug|Any CPU
		{712113F7-12A9-4B24-98AC-4AB6FCF29302}.Release|Any CPU.ActiveCfg = Release|Any CPU
		{712113F7-12A9-4B24-98AC-4AB6FCF29302}.Release|Any CPU.Build.0 = Release|Any CPU
		{712113F7-12A9-4B24-98AC-4AB6FCF29302}.Release|x64.ActiveCfg = Release|Any CPU
		{712113F7-12A9-4B24-98AC-4AB6FCF29302}.Release|x64.Build.0 = Release|Any CPU
		{712113F7-12A9-4B24-98AC-4AB6FCF29302}.Release|x86.ActiveCfg = Release|Any CPU
		{712113F7-12A9-4B24-98AC-4AB6FCF29302}.Release|x86.Build.0 = Release|Any CPU
		{B1C4B60B-AC61-4E33-B502-0EA6C3846DFC}.Debug|Any CPU.ActiveCfg = Debug|Any CPU
		{B1C4B60B-AC61-4E33-B502-0EA6C3846DFC}.Debug|Any CPU.Build.0 = Debug|Any CPU
		{B1C4B60B-AC61-4E33-B502-0EA6C3846DFC}.Debug|x64.ActiveCfg = Debug|Any CPU
		{B1C4B60B-AC61-4E33-B502-0EA6C3846DFC}.Debug|x64.Build.0 = Debug|Any CPU
		{B1C4B60B-AC61-4E33-B502-0EA6C3846DFC}.Debug|x86.ActiveCfg = Debug|Any CPU
		{B1C4B60B-AC61-4E33-B502-0EA6C3846DFC}.Debug|x86.Build.0 = Debug|Any CPU
		{B1C4B60B-AC61-4E33-B502-0EA6C3846DFC}.Release|Any CPU.ActiveCfg = Release|Any CPU
		{B1C4B60B-AC61-4E33-B502-0EA6C3846DFC}.Release|Any CPU.Build.0 = Release|Any CPU
		{B1C4B60B-AC61-4E33-B502-0EA6C3846DFC}.Release|x64.ActiveCfg = Release|Any CPU
		{B1C4B60B-AC61-4E33-B502-0EA6C3846DFC}.Release|x64.Build.0 = Release|Any CPU
		{B1C4B60B-AC61-4E33-B502-0EA6C3846DFC}.Release|x86.ActiveCfg = Release|Any CPU
		{B1C4B60B-AC61-4E33-B502-0EA6C3846DFC}.Release|x86.Build.0 = Release|Any CPU
		{5EAA42E3-F0E5-4E21-9145-DC44A0DE929B}.Debug|Any CPU.ActiveCfg = Debug|Any CPU
		{5EAA42E3-F0E5-4E21-9145-DC44A0DE929B}.Debug|Any CPU.Build.0 = Debug|Any CPU
		{5EAA42E3-F0E5-4E21-9145-DC44A0DE929B}.Debug|x64.ActiveCfg = Debug|Any CPU
		{5EAA42E3-F0E5-4E21-9145-DC44A0DE929B}.Debug|x64.Build.0 = Debug|Any CPU
		{5EAA42E3-F0E5-4E21-9145-DC44A0DE929B}.Debug|x86.ActiveCfg = Debug|Any CPU
		{5EAA42E3-F0E5-4E21-9145-DC44A0DE929B}.Debug|x86.Build.0 = Debug|Any CPU
		{5EAA42E3-F0E5-4E21-9145-DC44A0DE929B}.Release|Any CPU.ActiveCfg = Release|Any CPU
		{5EAA42E3-F0E5-4E21-9145-DC44A0DE929B}.Release|Any CPU.Build.0 = Release|Any CPU
		{5EAA42E3-F0E5-4E21-9145-DC44A0DE929B}.Release|x64.ActiveCfg = Release|Any CPU
		{5EAA42E3-F0E5-4E21-9145-DC44A0DE929B}.Release|x64.Build.0 = Release|Any CPU
		{5EAA42E3-F0E5-4E21-9145-DC44A0DE929B}.Release|x86.ActiveCfg = Release|Any CPU
		{5EAA42E3-F0E5-4E21-9145-DC44A0DE929B}.Release|x86.Build.0 = Release|Any CPU
		{96EF1AC8-2E5F-494D-A737-A7B7B226C09A}.Debug|Any CPU.ActiveCfg = Debug|Any CPU
		{96EF1AC8-2E5F-494D-A737-A7B7B226C09A}.Debug|Any CPU.Build.0 = Debug|Any CPU
		{96EF1AC8-2E5F-494D-A737-A7B7B226C09A}.Debug|x64.ActiveCfg = Debug|Any CPU
		{96EF1AC8-2E5F-494D-A737-A7B7B226C09A}.Debug|x64.Build.0 = Debug|Any CPU
		{96EF1AC8-2E5F-494D-A737-A7B7B226C09A}.Debug|x86.ActiveCfg = Debug|Any CPU
		{96EF1AC8-2E5F-494D-A737-A7B7B226C09A}.Debug|x86.Build.0 = Debug|Any CPU
		{96EF1AC8-2E5F-494D-A737-A7B7B226C09A}.Release|Any CPU.ActiveCfg = Release|Any CPU
		{96EF1AC8-2E5F-494D-A737-A7B7B226C09A}.Release|Any CPU.Build.0 = Release|Any CPU
		{96EF1AC8-2E5F-494D-A737-A7B7B226C09A}.Release|x64.ActiveCfg = Release|Any CPU
		{96EF1AC8-2E5F-494D-A737-A7B7B226C09A}.Release|x64.Build.0 = Release|Any CPU
		{96EF1AC8-2E5F-494D-A737-A7B7B226C09A}.Release|x86.ActiveCfg = Release|Any CPU
		{96EF1AC8-2E5F-494D-A737-A7B7B226C09A}.Release|x86.Build.0 = Release|Any CPU
		{08800D7C-B329-49DA-9991-41D697F9CDC1}.Debug|Any CPU.ActiveCfg = Debug|Any CPU
		{08800D7C-B329-49DA-9991-41D697F9CDC1}.Debug|Any CPU.Build.0 = Debug|Any CPU
		{08800D7C-B329-49DA-9991-41D697F9CDC1}.Debug|x64.ActiveCfg = Debug|Any CPU
		{08800D7C-B329-49DA-9991-41D697F9CDC1}.Debug|x64.Build.0 = Debug|Any CPU
		{08800D7C-B329-49DA-9991-41D697F9CDC1}.Debug|x86.ActiveCfg = Debug|Any CPU
		{08800D7C-B329-49DA-9991-41D697F9CDC1}.Debug|x86.Build.0 = Debug|Any CPU
		{08800D7C-B329-49DA-9991-41D697F9CDC1}.Release|Any CPU.ActiveCfg = Release|Any CPU
		{08800D7C-B329-49DA-9991-41D697F9CDC1}.Release|Any CPU.Build.0 = Release|Any CPU
		{08800D7C-B329-49DA-9991-41D697F9CDC1}.Release|x64.ActiveCfg = Release|Any CPU
		{08800D7C-B329-49DA-9991-41D697F9CDC1}.Release|x64.Build.0 = Release|Any CPU
		{08800D7C-B329-49DA-9991-41D697F9CDC1}.Release|x86.ActiveCfg = Release|Any CPU
		{08800D7C-B329-49DA-9991-41D697F9CDC1}.Release|x86.Build.0 = Release|Any CPU
		{894CA081-8D65-48DF-8960-518C77600D9E}.Debug|Any CPU.ActiveCfg = Debug|Any CPU
		{894CA081-8D65-48DF-8960-518C77600D9E}.Debug|Any CPU.Build.0 = Debug|Any CPU
		{894CA081-8D65-48DF-8960-518C77600D9E}.Debug|x64.ActiveCfg = Debug|Any CPU
		{894CA081-8D65-48DF-8960-518C77600D9E}.Debug|x64.Build.0 = Debug|Any CPU
		{894CA081-8D65-48DF-8960-518C77600D9E}.Debug|x86.ActiveCfg = Debug|Any CPU
		{894CA081-8D65-48DF-8960-518C77600D9E}.Debug|x86.Build.0 = Debug|Any CPU
		{894CA081-8D65-48DF-8960-518C77600D9E}.Release|Any CPU.ActiveCfg = Release|Any CPU
		{894CA081-8D65-48DF-8960-518C77600D9E}.Release|Any CPU.Build.0 = Release|Any CPU
		{894CA081-8D65-48DF-8960-518C77600D9E}.Release|x64.ActiveCfg = Release|Any CPU
		{894CA081-8D65-48DF-8960-518C77600D9E}.Release|x64.Build.0 = Release|Any CPU
		{894CA081-8D65-48DF-8960-518C77600D9E}.Release|x86.ActiveCfg = Release|Any CPU
		{894CA081-8D65-48DF-8960-518C77600D9E}.Release|x86.Build.0 = Release|Any CPU
		{CCC8B64D-B572-40A2-BE08-19082B3E72F8}.Debug|Any CPU.ActiveCfg = Debug|Any CPU
		{CCC8B64D-B572-40A2-BE08-19082B3E72F8}.Debug|Any CPU.Build.0 = Debug|Any CPU
		{CCC8B64D-B572-40A2-BE08-19082B3E72F8}.Debug|x64.ActiveCfg = Debug|Any CPU
		{CCC8B64D-B572-40A2-BE08-19082B3E72F8}.Debug|x64.Build.0 = Debug|Any CPU
		{CCC8B64D-B572-40A2-BE08-19082B3E72F8}.Debug|x86.ActiveCfg = Debug|Any CPU
		{CCC8B64D-B572-40A2-BE08-19082B3E72F8}.Debug|x86.Build.0 = Debug|Any CPU
		{CCC8B64D-B572-40A2-BE08-19082B3E72F8}.Release|Any CPU.ActiveCfg = Release|Any CPU
		{CCC8B64D-B572-40A2-BE08-19082B3E72F8}.Release|Any CPU.Build.0 = Release|Any CPU
		{CCC8B64D-B572-40A2-BE08-19082B3E72F8}.Release|x64.ActiveCfg = Release|Any CPU
		{CCC8B64D-B572-40A2-BE08-19082B3E72F8}.Release|x64.Build.0 = Release|Any CPU
		{CCC8B64D-B572-40A2-BE08-19082B3E72F8}.Release|x86.ActiveCfg = Release|Any CPU
		{CCC8B64D-B572-40A2-BE08-19082B3E72F8}.Release|x86.Build.0 = Release|Any CPU
		{64587EF4-ED92-45F7-93A2-CFC39E9D807D}.Debug|Any CPU.ActiveCfg = Debug|Any CPU
		{64587EF4-ED92-45F7-93A2-CFC39E9D807D}.Debug|Any CPU.Build.0 = Debug|Any CPU
		{64587EF4-ED92-45F7-93A2-CFC39E9D807D}.Debug|x64.ActiveCfg = Debug|Any CPU
		{64587EF4-ED92-45F7-93A2-CFC39E9D807D}.Debug|x64.Build.0 = Debug|Any CPU
		{64587EF4-ED92-45F7-93A2-CFC39E9D807D}.Debug|x86.ActiveCfg = Debug|Any CPU
		{64587EF4-ED92-45F7-93A2-CFC39E9D807D}.Debug|x86.Build.0 = Debug|Any CPU
		{64587EF4-ED92-45F7-93A2-CFC39E9D807D}.Release|Any CPU.ActiveCfg = Release|Any CPU
		{64587EF4-ED92-45F7-93A2-CFC39E9D807D}.Release|Any CPU.Build.0 = Release|Any CPU
		{64587EF4-ED92-45F7-93A2-CFC39E9D807D}.Release|x64.ActiveCfg = Release|Any CPU
		{64587EF4-ED92-45F7-93A2-CFC39E9D807D}.Release|x64.Build.0 = Release|Any CPU
		{64587EF4-ED92-45F7-93A2-CFC39E9D807D}.Release|x86.ActiveCfg = Release|Any CPU
		{64587EF4-ED92-45F7-93A2-CFC39E9D807D}.Release|x86.Build.0 = Release|Any CPU
		{A1B2C3D4-E5F6-7890-ABCD-EF1234567890}.Debug|Any CPU.ActiveCfg = Debug|Any CPU
		{A1B2C3D4-E5F6-7890-ABCD-EF1234567890}.Debug|Any CPU.Build.0 = Debug|Any CPU
		{A1B2C3D4-E5F6-7890-ABCD-EF1234567890}.Debug|x64.ActiveCfg = Debug|Any CPU
		{A1B2C3D4-E5F6-7890-ABCD-EF1234567890}.Debug|x64.Build.0 = Debug|Any CPU
		{A1B2C3D4-E5F6-7890-ABCD-EF1234567890}.Debug|x86.ActiveCfg = Debug|Any CPU
		{A1B2C3D4-E5F6-7890-ABCD-EF1234567890}.Debug|x86.Build.0 = Debug|Any CPU
		{A1B2C3D4-E5F6-7890-ABCD-EF1234567890}.Release|Any CPU.ActiveCfg = Release|Any CPU
		{A1B2C3D4-E5F6-7890-ABCD-EF1234567890}.Release|Any CPU.Build.0 = Release|Any CPU
		{A1B2C3D4-E5F6-7890-ABCD-EF1234567890}.Release|x64.ActiveCfg = Release|Any CPU
		{A1B2C3D4-E5F6-7890-ABCD-EF1234567890}.Release|x64.Build.0 = Release|Any CPU
		{A1B2C3D4-E5F6-7890-ABCD-EF1234567890}.Release|x86.ActiveCfg = Release|Any CPU
		{A1B2C3D4-E5F6-7890-ABCD-EF1234567890}.Release|x86.Build.0 = Release|Any CPU
		{B1C2D3E4-F5A6-7890-BCDE-F01234567891}.Debug|Any CPU.ActiveCfg = Debug|Any CPU
		{B1C2D3E4-F5A6-7890-BCDE-F01234567891}.Debug|Any CPU.Build.0 = Debug|Any CPU
		{B1C2D3E4-F5A6-7890-BCDE-F01234567891}.Debug|x64.ActiveCfg = Debug|Any CPU
		{B1C2D3E4-F5A6-7890-BCDE-F01234567891}.Debug|x64.Build.0 = Debug|Any CPU
		{B1C2D3E4-F5A6-7890-BCDE-F01234567891}.Debug|x86.ActiveCfg = Debug|Any CPU
		{B1C2D3E4-F5A6-7890-BCDE-F01234567891}.Debug|x86.Build.0 = Debug|Any CPU
		{B1C2D3E4-F5A6-7890-BCDE-F01234567891}.Release|Any CPU.ActiveCfg = Release|Any CPU
		{B1C2D3E4-F5A6-7890-BCDE-F01234567891}.Release|Any CPU.Build.0 = Release|Any CPU
		{B1C2D3E4-F5A6-7890-BCDE-F01234567891}.Release|x64.ActiveCfg = Release|Any CPU
		{B1C2D3E4-F5A6-7890-BCDE-F01234567891}.Release|x64.Build.0 = Release|Any CPU
		{B1C2D3E4-F5A6-7890-BCDE-F01234567891}.Release|x86.ActiveCfg = Release|Any CPU
		{B1C2D3E4-F5A6-7890-BCDE-F01234567891}.Release|x86.Build.0 = Release|Any CPU
		{C1D2E3F4-A5B6-7890-CDEF-012345678902}.Debug|Any CPU.ActiveCfg = Debug|Any CPU
		{C1D2E3F4-A5B6-7890-CDEF-012345678902}.Debug|Any CPU.Build.0 = Debug|Any CPU
		{C1D2E3F4-A5B6-7890-CDEF-012345678902}.Debug|x64.ActiveCfg = Debug|Any CPU
		{C1D2E3F4-A5B6-7890-CDEF-012345678902}.Debug|x64.Build.0 = Debug|Any CPU
		{C1D2E3F4-A5B6-7890-CDEF-012345678902}.Debug|x86.ActiveCfg = Debug|Any CPU
		{C1D2E3F4-A5B6-7890-CDEF-012345678902}.Debug|x86.Build.0 = Debug|Any CPU
		{C1D2E3F4-A5B6-7890-CDEF-012345678902}.Release|Any CPU.ActiveCfg = Release|Any CPU
		{C1D2E3F4-A5B6-7890-CDEF-012345678902}.Release|Any CPU.Build.0 = Release|Any CPU
		{C1D2E3F4-A5B6-7890-CDEF-012345678902}.Release|x64.ActiveCfg = Release|Any CPU
		{C1D2E3F4-A5B6-7890-CDEF-012345678902}.Release|x64.Build.0 = Release|Any CPU
		{C1D2E3F4-A5B6-7890-CDEF-012345678902}.Release|x86.ActiveCfg = Release|Any CPU
		{C1D2E3F4-A5B6-7890-CDEF-012345678902}.Release|x86.Build.0 = Release|Any CPU
		{D1E2F3A4-B5C6-7890-DEF0-123456789013}.Debug|Any CPU.ActiveCfg = Debug|Any CPU
		{D1E2F3A4-B5C6-7890-DEF0-123456789013}.Debug|Any CPU.Build.0 = Debug|Any CPU
		{D1E2F3A4-B5C6-7890-DEF0-123456789013}.Debug|x64.ActiveCfg = Debug|Any CPU
		{D1E2F3A4-B5C6-7890-DEF0-123456789013}.Debug|x64.Build.0 = Debug|Any CPU
		{D1E2F3A4-B5C6-7890-DEF0-123456789013}.Debug|x86.ActiveCfg = Debug|Any CPU
		{D1E2F3A4-B5C6-7890-DEF0-123456789013}.Debug|x86.Build.0 = Debug|Any CPU
		{D1E2F3A4-B5C6-7890-DEF0-123456789013}.Release|Any CPU.ActiveCfg = Release|Any CPU
		{D1E2F3A4-B5C6-7890-DEF0-123456789013}.Release|Any CPU.Build.0 = Release|Any CPU
		{D1E2F3A4-B5C6-7890-DEF0-123456789013}.Release|x64.ActiveCfg = Release|Any CPU
		{D1E2F3A4-B5C6-7890-DEF0-123456789013}.Release|x64.Build.0 = Release|Any CPU
		{D1E2F3A4-B5C6-7890-DEF0-123456789013}.Release|x86.ActiveCfg = Release|Any CPU
		{D1E2F3A4-B5C6-7890-DEF0-123456789013}.Release|x86.Build.0 = Release|Any CPU
		{A2B3C4D5-E6F7-8901-ABCD-EF1234567891}.Debug|Any CPU.ActiveCfg = Debug|Any CPU
		{A2B3C4D5-E6F7-8901-ABCD-EF1234567891}.Debug|Any CPU.Build.0 = Debug|Any CPU
		{A2B3C4D5-E6F7-8901-ABCD-EF1234567891}.Debug|x64.ActiveCfg = Debug|Any CPU
		{A2B3C4D5-E6F7-8901-ABCD-EF1234567891}.Debug|x64.Build.0 = Debug|Any CPU
		{A2B3C4D5-E6F7-8901-ABCD-EF1234567891}.Debug|x86.ActiveCfg = Debug|Any CPU
		{A2B3C4D5-E6F7-8901-ABCD-EF1234567891}.Debug|x86.Build.0 = Debug|Any CPU
		{A2B3C4D5-E6F7-8901-ABCD-EF1234567891}.Release|Any CPU.ActiveCfg = Release|Any CPU
		{A2B3C4D5-E6F7-8901-ABCD-EF1234567891}.Release|Any CPU.Build.0 = Release|Any CPU
		{A2B3C4D5-E6F7-8901-ABCD-EF1234567891}.Release|x64.ActiveCfg = Release|Any CPU
		{A2B3C4D5-E6F7-8901-ABCD-EF1234567891}.Release|x64.Build.0 = Release|Any CPU
		{A2B3C4D5-E6F7-8901-ABCD-EF1234567891}.Release|x86.ActiveCfg = Release|Any CPU
		{A2B3C4D5-E6F7-8901-ABCD-EF1234567891}.Release|x86.Build.0 = Release|Any CPU
		{B2C3D4E5-F6A7-8901-BCDE-F01234567892}.Debug|Any CPU.ActiveCfg = Debug|Any CPU
		{B2C3D4E5-F6A7-8901-BCDE-F01234567892}.Debug|Any CPU.Build.0 = Debug|Any CPU
		{B2C3D4E5-F6A7-8901-BCDE-F01234567892}.Debug|x64.ActiveCfg = Debug|Any CPU
		{B2C3D4E5-F6A7-8901-BCDE-F01234567892}.Debug|x64.Build.0 = Debug|Any CPU
		{B2C3D4E5-F6A7-8901-BCDE-F01234567892}.Debug|x86.ActiveCfg = Debug|Any CPU
		{B2C3D4E5-F6A7-8901-BCDE-F01234567892}.Debug|x86.Build.0 = Debug|Any CPU
		{B2C3D4E5-F6A7-8901-BCDE-F01234567892}.Release|Any CPU.ActiveCfg = Release|Any CPU
		{B2C3D4E5-F6A7-8901-BCDE-F01234567892}.Release|Any CPU.Build.0 = Release|Any CPU
		{B2C3D4E5-F6A7-8901-BCDE-F01234567892}.Release|x64.ActiveCfg = Release|Any CPU
		{B2C3D4E5-F6A7-8901-BCDE-F01234567892}.Release|x64.Build.0 = Release|Any CPU
		{B2C3D4E5-F6A7-8901-BCDE-F01234567892}.Release|x86.ActiveCfg = Release|Any CPU
		{B2C3D4E5-F6A7-8901-BCDE-F01234567892}.Release|x86.Build.0 = Release|Any CPU
		{C2D3E4F5-A6B7-8901-CDEF-012345678903}.Debug|Any CPU.ActiveCfg = Debug|Any CPU
		{C2D3E4F5-A6B7-8901-CDEF-012345678903}.Debug|Any CPU.Build.0 = Debug|Any CPU
		{C2D3E4F5-A6B7-8901-CDEF-012345678903}.Debug|x64.ActiveCfg = Debug|Any CPU
		{C2D3E4F5-A6B7-8901-CDEF-012345678903}.Debug|x64.Build.0 = Debug|Any CPU
		{C2D3E4F5-A6B7-8901-CDEF-012345678903}.Debug|x86.ActiveCfg = Debug|Any CPU
		{C2D3E4F5-A6B7-8901-CDEF-012345678903}.Debug|x86.Build.0 = Debug|Any CPU
		{C2D3E4F5-A6B7-8901-CDEF-012345678903}.Release|Any CPU.ActiveCfg = Release|Any CPU
		{C2D3E4F5-A6B7-8901-CDEF-012345678903}.Release|Any CPU.Build.0 = Release|Any CPU
		{C2D3E4F5-A6B7-8901-CDEF-012345678903}.Release|x64.ActiveCfg = Release|Any CPU
		{C2D3E4F5-A6B7-8901-CDEF-012345678903}.Release|x64.Build.0 = Release|Any CPU
		{C2D3E4F5-A6B7-8901-CDEF-012345678903}.Release|x86.ActiveCfg = Release|Any CPU
		{C2D3E4F5-A6B7-8901-CDEF-012345678903}.Release|x86.Build.0 = Release|Any CPU
		{D2E3F4A5-B6C7-8901-DEF0-123456789014}.Debug|Any CPU.ActiveCfg = Debug|Any CPU
		{D2E3F4A5-B6C7-8901-DEF0-123456789014}.Debug|Any CPU.Build.0 = Debug|Any CPU
		{D2E3F4A5-B6C7-8901-DEF0-123456789014}.Debug|x64.ActiveCfg = Debug|Any CPU
		{D2E3F4A5-B6C7-8901-DEF0-123456789014}.Debug|x64.Build.0 = Debug|Any CPU
		{D2E3F4A5-B6C7-8901-DEF0-123456789014}.Debug|x86.ActiveCfg = Debug|Any CPU
		{D2E3F4A5-B6C7-8901-DEF0-123456789014}.Debug|x86.Build.0 = Debug|Any CPU
		{D2E3F4A5-B6C7-8901-DEF0-123456789014}.Release|Any CPU.ActiveCfg = Release|Any CPU
		{D2E3F4A5-B6C7-8901-DEF0-123456789014}.Release|Any CPU.Build.0 = Release|Any CPU
		{D2E3F4A5-B6C7-8901-DEF0-123456789014}.Release|x64.ActiveCfg = Release|Any CPU
		{D2E3F4A5-B6C7-8901-DEF0-123456789014}.Release|x64.Build.0 = Release|Any CPU
		{D2E3F4A5-B6C7-8901-DEF0-123456789014}.Release|x86.ActiveCfg = Release|Any CPU
		{D2E3F4A5-B6C7-8901-DEF0-123456789014}.Release|x86.Build.0 = Release|Any CPU
	EndGlobalSection
	GlobalSection(SolutionProperties) = preSolution
		HideSolutionNode = FALSE
	EndGlobalSection
	GlobalSection(NestedProjects) = preSolution
		{90298CBA-BD6F-3A0A-69D5-97CAD7B05E7E} = {827E0CD3-B72D-47B6-A68D-7590B98EB39B}
		{B7AE060B-811D-4AD6-8367-663C5E7490E0} = {90298CBA-BD6F-3A0A-69D5-97CAD7B05E7E}
		{314AC2C4-9694-4B5C-92A1-F356AE9706E3} = {90298CBA-BD6F-3A0A-69D5-97CAD7B05E7E}
		{B679A0B7-0E84-49D4-ABA4-6D3E6785624D} = {90298CBA-BD6F-3A0A-69D5-97CAD7B05E7E}
		{D48C576F-2BEA-4CC0-ABC9-80B10D872717} = {90298CBA-BD6F-3A0A-69D5-97CAD7B05E7E}
		{6306A8FB-679E-111F-6585-8F70E0EE6013} = {827E0CD3-B72D-47B6-A68D-7590B98EB39B}
		{83398E7B-25E3-45E0-BD57-FCD7B3B64533} = {6306A8FB-679E-111F-6585-8F70E0EE6013}
		{984BB9B3-3FA3-BE33-9484-CAC21695A33C} = {827E0CD3-B72D-47B6-A68D-7590B98EB39B}
		{1BFC9479-12BF-35C3-06B8-42D89D95092B} = {984BB9B3-3FA3-BE33-9484-CAC21695A33C}
		{51261A15-2B1F-40D4-8684-77C92EA397AF} = {1BFC9479-12BF-35C3-06B8-42D89D95092B}
		{6308252C-E9DA-9E96-6E5D-5D1EC91EF9C2} = {984BB9B3-3FA3-BE33-9484-CAC21695A33C}
		{839E692A-83DB-4655-B850-9C40072D6FB0} = {6308252C-E9DA-9E96-6E5D-5D1EC91EF9C2}
		{5D0AC027-C8EE-3244-A029-36278C99F1B8} = {984BB9B3-3FA3-BE33-9484-CAC21695A33C}
		{6B393D29-AFB2-4735-A8C6-731B6A0C8AAA} = {5D0AC027-C8EE-3244-A029-36278C99F1B8}
		{CCB037B1-8887-5A16-D510-C5142074CF12} = {984BB9B3-3FA3-BE33-9484-CAC21695A33C}
		{461EC52F-6618-495B-9B35-0602889A5792} = {CCB037B1-8887-5A16-D510-C5142074CF12}
		{A2B3C4D5-E6F7-8901-ABCD-EF1234567891} = {CCB037B1-8887-5A16-D510-C5142074CF12}
		{B2C3D4E5-F6A7-8901-BCDE-F01234567892} = {CCB037B1-8887-5A16-D510-C5142074CF12}
		{C2D3E4F5-A6B7-8901-CDEF-012345678903} = {CCB037B1-8887-5A16-D510-C5142074CF12}
		{D2E3F4A5-B6C7-8901-DEF0-123456789014} = {0AB3BF05-4346-4AA6-1389-037BE0695223}
		{40B59F69-022F-A9EE-E3B7-096C1E81294B} = {984BB9B3-3FA3-BE33-9484-CAC21695A33C}
		{164C61F6-AF76-41F8-83F5-46C46B00EFFB} = {40B59F69-022F-A9EE-E3B7-096C1E81294B}
		{BB77F832-879F-00F9-E108-00944EDB87D8} = {984BB9B3-3FA3-BE33-9484-CAC21695A33C}
		{C1560591-8CD6-4B5D-806D-9F5FADC7BB29} = {BB77F832-879F-00F9-E108-00944EDB87D8}
		{712113F7-12A9-4B24-98AC-4AB6FCF29302} = {1BFC9479-12BF-35C3-06B8-42D89D95092B}
		{B1C4B60B-AC61-4E33-B502-0EA6C3846DFC} = {0AB3BF05-4346-4AA6-1389-037BE0695223}
		{5EAA42E3-F0E5-4E21-9145-DC44A0DE929B} = {1BFC9479-12BF-35C3-06B8-42D89D95092B}
		{96EF1AC8-2E5F-494D-A737-A7B7B226C09A} = {1BFC9479-12BF-35C3-06B8-42D89D95092B}
		{08800D7C-B329-49DA-9991-41D697F9CDC1} = {6308252C-E9DA-9E96-6E5D-5D1EC91EF9C2}
		{894CA081-8D65-48DF-8960-518C77600D9E} = {6308252C-E9DA-9E96-6E5D-5D1EC91EF9C2}
		{CCC8B64D-B572-40A2-BE08-19082B3E72F8} = {6308252C-E9DA-9E96-6E5D-5D1EC91EF9C2}
		{64587EF4-ED92-45F7-93A2-CFC39E9D807D} = {0AB3BF05-4346-4AA6-1389-037BE0695223}
		{A1B2C3D4-E5F6-7890-ABCD-EF1234567890} = {5D0AC027-C8EE-3244-A029-36278C99F1B8}
		{B1C2D3E4-F5A6-7890-BCDE-F01234567891} = {5D0AC027-C8EE-3244-A029-36278C99F1B8}
		{C1D2E3F4-A5B6-7890-CDEF-012345678902} = {5D0AC027-C8EE-3244-A029-36278C99F1B8}
		{D1E2F3A4-B5C6-7890-DEF0-123456789013} = {0AB3BF05-4346-4AA6-1389-037BE0695223}
	EndGlobalSection
EndGlobal
