
Microsoft Visual Studio Solution File, Format Version 12.00
# Visual Studio Version 17
VisualStudioVersion = 17.0.31903.59
MinimumVisualStudioVersion = 10.0.40219.1
Project("{2150E333-8FDC-42A3-9474-1A3956D46DE8}") = "src", "src", "{827E0CD3-B72D-47B6-A68D-7590B98EB39B}"
EndProject
Project("{2150E333-8FDC-42A3-9474-1A3956D46DE8}") = "BuildingBlocks", "BuildingBlocks", "{90298CBA-BD6F-3A0A-69D5-97CAD7B05E7E}"
EndProject
Project("{FAE04EC0-301F-11D3-BF4B-00C04F79EFBC}") = "BuildingBlocks.Contracts", "src\BuildingBlocks\BuildingBlocks.Contracts\BuildingBlocks.Contracts.csproj", "{B7AE060B-811D-4AD6-8367-663C5E7490E0}"
EndProject
Project("{FAE04EC0-301F-11D3-BF4B-00C04F79EFBC}") = "BuildingBlocks.Domain", "src\BuildingBlocks\BuildingBlocks.Domain\BuildingBlocks.Domain.csproj", "{314AC2C4-9694-4B5C-92A1-F356AE9706E3}"
EndProject
Project("{FAE04EC0-301F-11D3-BF4B-00C04F79EFBC}") = "BuildingBlocks.Application", "src\BuildingBlocks\BuildingBlocks.Application\BuildingBlocks.Application.csproj", "{B679A0B7-0E84-49D4-ABA4-6D3E6785624D}"
EndProject
Project("{FAE04EC0-301F-11D3-BF4B-00C04F79EFBC}") = "BuildingBlocks.Infrastructure", "src\BuildingBlocks\BuildingBlocks.Infrastructure\BuildingBlocks.Infrastructure.csproj", "{D48C576F-2BEA-4CC0-ABC9-80B10D872717}"
EndProject
Project("{2150E333-8FDC-42A3-9474-1A3956D46DE8}") = "Gateway", "Gateway", "{6306A8FB-679E-111F-6585-8F70E0EE6013}"
EndProject
Project("{FAE04EC0-301F-11D3-BF4B-00C04F79EFBC}") = "CampusConnect.Gateway", "src\Gateway\CampusConnect.Gateway\CampusConnect.Gateway.csproj", "{83398E7B-25E3-45E0-BD57-FCD7B3B64533}"
EndProject
Project("{2150E333-8FDC-42A3-9474-1A3956D46DE8}") = "Services", "Services", "{984BB9B3-3FA3-BE33-9484-CAC21695A33C}"
EndProject
Project("{2150E333-8FDC-42A3-9474-1A3956D46DE8}") = "Identity", "Identity", "{1BFC9479-12BF-35C3-06B8-42D89D95092B}"
EndProject
Project("{FAE04EC0-301F-11D3-BF4B-00C04F79EFBC}") = "Identity.API", "src\Services\Identity\Identity.API\Identity.API.csproj", "{51261A15-2B1F-40D4-8684-77C92EA397AF}"
EndProject
Project("{2150E333-8FDC-42A3-9474-1A3956D46DE8}") = "Academic", "Academic", "{6308252C-E9DA-9E96-6E5D-5D1EC91EF9C2}"
EndProject
Project("{FAE04EC0-301F-11D3-BF4B-00C04F79EFBC}") = "Academic.API", "src\Services\Academic\Academic.API\Academic.API.csproj", "{839E692A-83DB-4655-B850-9C40072D6FB0}"
EndProject
Project("{2150E333-8FDC-42A3-9474-1A3956D46DE8}") = "Payments", "Payments", "{5D0AC027-C8EE-3244-A029-36278C99F1B8}"
EndProject
Project("{FAE04EC0-301F-11D3-BF4B-00C04F79EFBC}") = "Payments.API", "src\Services\Payments\Payments.API\Payments.API.csproj", "{6B393D29-AFB2-4735-A8C6-731B6A0C8AAA}"
EndProject
Project("{2150E333-8FDC-42A3-9474-1A3956D46DE8}") = "Attendance", "Attendance", "{CCB037B1-8887-5A16-D510-C5142074CF12}"
EndProject
Project("{FAE04EC0-301F-11D3-BF4B-00C04F79EFBC}") = "Attendance.API", "src\Services\Attendance\Attendance.API\Attendance.API.csproj", "{461EC52F-6618-495B-9B35-0602889A5792}"
EndProject
Project("{2150E333-8FDC-42A3-9474-1A3956D46DE8}") = "Notifications", "Notifications", "{40B59F69-022F-A9EE-E3B7-096C1E81294B}"
EndProject
Project("{FAE04EC0-301F-11D3-BF4B-00C04F79EFBC}") = "Notifications.API", "src\Services\Notifications\Notifications.API\Notifications.API.csproj", "{164C61F6-AF76-41F8-83F5-46C46B00EFFB}"
EndProject
Project("{2150E333-8FDC-42A3-9474-1A3956D46DE8}") = "Analytics", "Analytics", "{BB77F832-879F-00F9-E108-00944EDB87D8}"
EndProject
Project("{FAE04EC0-301F-11D3-BF4B-00C04F79EFBC}") = "Analytics.API", "src\Services\Analytics\Analytics.API\Analytics.API.csproj", "{C1560591-8CD6-4B5D-806D-9F5FADC7BB29}"
EndProject
Global
	GlobalSection(SolutionConfigurationPlatforms) = preSolution
		Debug|Any CPU = Debug|Any CPU
		Debug|x64 = Debug|x64
		Debug|x86 = Debug|x86
		Release|Any CPU = Release|Any CPU
		Release|x64 = Release|x64
		Release|x86 = Release|x86
	EndGlobalSection
	GlobalSection(ProjectConfigurationPlatforms) = postSolution
		{B7AE060B-811D-4AD6-8367-663C5E7490E0}.Debug|Any CPU.ActiveCfg = Debug|Any CPU
		{B7AE060B-811D-4AD6-8367-663C5E7490E0}.Debug|Any CPU.Build.0 = Debug|Any CPU
		{B7AE060B-811D-4AD6-8367-663C5E7490E0}.Debug|x64.ActiveCfg = Debug|Any CPU
		{B7AE060B-811D-4AD6-8367-663C5E7490E0}.Debug|x64.Build.0 = Debug|Any CPU
		{B7AE060B-811D-4AD6-8367-663C5E7490E0}.Debug|x86.ActiveCfg = Debug|Any CPU
		{B7AE060B-811D-4AD6-8367-663C5E7490E0}.Debug|x86.Build.0 = Debug|Any CPU
		{B7AE060B-811D-4AD6-8367-663C5E7490E0}.Release|Any CPU.ActiveCfg = Release|Any CPU
		{B7AE060B-811D-4AD6-8367-663C5E7490E0}.Release|Any CPU.Build.0 = Release|Any CPU
		{B7AE060B-811D-4AD6-8367-663C5E7490E0}.Release|x64.ActiveCfg = Release|Any CPU
		{B7AE060B-811D-4AD6-8367-663C5E7490E0}.Release|x64.Build.0 = Release|Any CPU
		{B7AE060B-811D-4AD6-8367-663C5E7490E0}.Release|x86.ActiveCfg = Release|Any CPU
		{B7AE060B-811D-4AD6-8367-663C5E7490E0}.Release|x86.Build.0 = Release|Any CPU
		{314AC2C4-9694-4B5C-92A1-F356AE9706E3}.Debug|Any CPU.ActiveCfg = Debug|Any CPU
		{314AC2C4-9694-4B5C-92A1-F356AE9706E3}.Debug|Any CPU.Build.0 = Debug|Any CPU
		{314AC2C4-9694-4B5C-92A1-F356AE9706E3}.Debug|x64.ActiveCfg = Debug|Any CPU
		{314AC2C4-9694-4B5C-92A1-F356AE9706E3}.Debug|x64.Build.0 = Debug|Any CPU
		{314AC2C4-9694-4B5C-92A1-F356AE9706E3}.Debug|x86.ActiveCfg = Debug|Any CPU
		{314AC2C4-9694-4B5C-92A1-F356AE9706E3}.Debug|x86.Build.0 = Debug|Any CPU
		{314AC2C4-9694-4B5C-92A1-F356AE9706E3}.Release|Any CPU.ActiveCfg = Release|Any CPU
		{314AC2C4-9694-4B5C-92A1-F356AE9706E3}.Release|Any CPU.Build.0 = Release|Any CPU
		{314AC2C4-9694-4B5C-92A1-F356AE9706E3}.Release|x64.ActiveCfg = Release|Any CPU
		{314AC2C4-9694-4B5C-92A1-F356AE9706E3}.Release|x64.Build.0 = Release|Any CPU
		{314AC2C4-9694-4B5C-92A1-F356AE9706E3}.Release|x86.ActiveCfg = Release|Any CPU
		{314AC2C4-9694-4B5C-92A1-F356AE9706E3}.Release|x86.Build.0 = Release|Any CPU
		{B679A0B7-0E84-49D4-ABA4-6D3E6785624D}.Debug|Any CPU.ActiveCfg = Debug|Any CPU
		{B679A0B7-0E84-49D4-ABA4-6D3E6785624D}.Debug|Any CPU.Build.0 = Debug|Any CPU
		{B679A0B7-0E84-49D4-ABA4-6D3E6785624D}.Debug|x64.ActiveCfg = Debug|Any CPU
		{B679A0B7-0E84-49D4-ABA4-6D3E6785624D}.Debug|x64.Build.0 = Debug|Any CPU
		{B679A0B7-0E84-49D4-ABA4-6D3E6785624D}.Debug|x86.ActiveCfg = Debug|Any CPU
		{B679A0B7-0E84-49D4-ABA4-6D3E6785624D}.Debug|x86.Build.0 = Debug|Any CPU
		{B679A0B7-0E84-49D4-ABA4-6D3E6785624D}.Release|Any CPU.ActiveCfg = Release|Any CPU
		{B679A0B7-0E84-49D4-ABA4-6D3E6785624D}.Release|Any CPU.Build.0 = Release|Any CPU
		{B679A0B7-0E84-49D4-ABA4-6D3E6785624D}.Release|x64.ActiveCfg = Release|Any CPU
		{B679A0B7-0E84-49D4-ABA4-6D3E6785624D}.Release|x64.Build.0 = Release|Any CPU
		{B679A0B7-0E84-49D4-ABA4-6D3E6785624D}.Release|x86.ActiveCfg = Release|Any CPU
		{B679A0B7-0E84-49D4-ABA4-6D3E6785624D}.Release|x86.Build.0 = Release|Any CPU
		{D48C576F-2BEA-4CC0-ABC9-80B10D872717}.Debug|Any CPU.ActiveCfg = Debug|Any CPU
		{D48C576F-2BEA-4CC0-ABC9-80B10D872717}.Debug|Any CPU.Build.0 = Debug|Any CPU
		{D48C576F-2BEA-4CC0-ABC9-80B10D872717}.Debug|x64.ActiveCfg = Debug|Any CPU
		{D48C576F-2BEA-4CC0-ABC9-80B10D872717}.Debug|x64.Build.0 = Debug|Any CPU
		{D48C576F-2BEA-4CC0-ABC9-80B10D872717}.Debug|x86.ActiveCfg = Debug|Any CPU
		{D48C576F-2BEA-4CC0-ABC9-80B10D872717}.Debug|x86.Build.0 = Debug|Any CPU
		{D48C576F-2BEA-4CC0-ABC9-80B10D872717}.Release|Any CPU.ActiveCfg = Release|Any CPU
		{D48C576F-2BEA-4CC0-ABC9-80B10D872717}.Release|Any CPU.Build.0 = Release|Any CPU
		{D48C576F-2BEA-4CC0-ABC9-80B10D872717}.Release|x64.ActiveCfg = Release|Any CPU
		{D48C576F-2BEA-4CC0-ABC9-80B10D872717}.Release|x64.Build.0 = Release|Any CPU
		{D48C576F-2BEA-4CC0-ABC9-80B10D872717}.Release|x86.ActiveCfg = Release|Any CPU
		{D48C576F-2BEA-4CC0-ABC9-80B10D872717}.Release|x86.Build.0 = Release|Any CPU
		{83398E7B-25E3-45E0-BD57-FCD7B3B64533}.Debug|Any CPU.ActiveCfg = Debug|Any CPU
		{83398E7B-25E3-45E0-BD57-FCD7B3B64533}.Debug|Any CPU.Build.0 = Debug|Any CPU
		{83398E7B-25E3-45E0-BD57-FCD7B3B64533}.Debug|x64.ActiveCfg = Debug|Any CPU
		{83398E7B-25E3-45E0-BD57-FCD7B3B64533}.Debug|x64.Build.0 = Debug|Any CPU
		{83398E7B-25E3-45E0-BD57-FCD7B3B64533}.Debug|x86.ActiveCfg = Debug|Any CPU
		{83398E7B-25E3-45E0-BD57-FCD7B3B64533}.Debug|x86.Build.0 = Debug|Any CPU
		{83398E7B-25E3-45E0-BD57-FCD7B3B64533}.Release|Any CPU.ActiveCfg = Release|Any CPU
		{83398E7B-25E3-45E0-BD57-FCD7B3B64533}.Release|Any CPU.Build.0 = Release|Any CPU
		{83398E7B-25E3-45E0-BD57-FCD7B3B64533}.Release|x64.ActiveCfg = Release|Any CPU
		{83398E7B-25E3-45E0-BD57-FCD7B3B64533}.Release|x64.Build.0 = Release|Any CPU
		{83398E7B-25E3-45E0-BD57-FCD7B3B64533}.Release|x86.ActiveCfg = Release|Any CPU
		{83398E7B-25E3-45E0-BD57-FCD7B3B64533}.Release|x86.Build.0 = Release|Any CPU
		{51261A15-2B1F-40D4-8684-77C92EA397AF}.Debug|Any CPU.ActiveCfg = Debug|Any CPU
		{51261A15-2B1F-40D4-8684-77C92EA397AF}.Debug|Any CPU.Build.0 = Debug|Any CPU
		{51261A15-2B1F-40D4-8684-77C92EA397AF}.Debug|x64.ActiveCfg = Debug|Any CPU
		{51261A15-2B1F-40D4-8684-77C92EA397AF}.Debug|x64.Build.0 = Debug|Any CPU
		{51261A15-2B1F-40D4-8684-77C92EA397AF}.Debug|x86.ActiveCfg = Debug|Any CPU
		{51261A15-2B1F-40D4-8684-77C92EA397AF}.Debug|x86.Build.0 = Debug|Any CPU
		{51261A15-2B1F-40D4-8684-77C92EA397AF}.Release|Any CPU.ActiveCfg = Release|Any CPU
		{51261A15-2B1F-40D4-8684-77C92EA397AF}.Release|Any CPU.Build.0 = Release|Any CPU
		{51261A15-2B1F-40D4-8684-77C92EA397AF}.Release|x64.ActiveCfg = Release|Any CPU
		{51261A15-2B1F-40D4-8684-77C92EA397AF}.Release|x64.Build.0 = Release|Any CPU
		{51261A15-2B1F-40D4-8684-77C92EA397AF}.Release|x86.ActiveCfg = Release|Any CPU
		{51261A15-2B1F-40D4-8684-77C92EA397AF}.Release|x86.Build.0 = Release|Any CPU
		{839E692A-83DB-4655-B850-9C40072D6FB0}.Debug|Any CPU.ActiveCfg = Debug|Any CPU
		{839E692A-83DB-4655-B850-9C40072D6FB0}.Debug|Any CPU.Build.0 = Debug|Any CPU
		{839E692A-83DB-4655-B850-9C40072D6FB0}.Debug|x64.ActiveCfg = Debug|Any CPU
		{839E692A-83DB-4655-B850-9C40072D6FB0}.Debug|x64.Build.0 = Debug|Any CPU
		{839E692A-83DB-4655-B850-9C40072D6FB0}.Debug|x86.ActiveCfg = Debug|Any CPU
		{839E692A-83DB-4655-B850-9C40072D6FB0}.Debug|x86.Build.0 = Debug|Any CPU
		{839E692A-83DB-4655-B850-9C40072D6FB0}.Release|Any CPU.ActiveCfg = Release|Any CPU
		{839E692A-83DB-4655-B850-9C40072D6FB0}.Release|Any CPU.Build.0 = Release|Any CPU
		{839E692A-83DB-4655-B850-9C40072D6FB0}.Release|x64.ActiveCfg = Release|Any CPU
		{839E692A-83DB-4655-B850-9C40072D6FB0}.Release|x64.Build.0 = Release|Any CPU
		{839E692A-83DB-4655-B850-9C40072D6FB0}.Release|x86.ActiveCfg = Release|Any CPU
		{839E692A-83DB-4655-B850-9C40072D6FB0}.Release|x86.Build.0 = Release|Any CPU
		{6B393D29-AFB2-4735-A8C6-731B6A0C8AAA}.Debug|Any CPU.ActiveCfg = Debug|Any CPU
		{6B393D29-AFB2-4735-A8C6-731B6A0C8AAA}.Debug|Any CPU.Build.0 = Debug|Any CPU
		{6B393D29-AFB2-4735-A8C6-731B6A0C8AAA}.Debug|x64.ActiveCfg = Debug|Any CPU
		{6B393D29-AFB2-4735-A8C6-731B6A0C8AAA}.Debug|x64.Build.0 = Debug|Any CPU
		{6B393D29-AFB2-4735-A8C6-731B6A0C8AAA}.Debug|x86.ActiveCfg = Debug|Any CPU
		{6B393D29-AFB2-4735-A8C6-731B6A0C8AAA}.Debug|x86.Build.0 = Debug|Any CPU
		{6B393D29-AFB2-4735-A8C6-731B6A0C8AAA}.Release|Any CPU.ActiveCfg = Release|Any CPU
		{6B393D29-AFB2-4735-A8C6-731B6A0C8AAA}.Release|Any CPU.Build.0 = Release|Any CPU
		{6B393D29-AFB2-4735-A8C6-731B6A0C8AAA}.Release|x64.ActiveCfg = Release|Any CPU
		{6B393D29-AFB2-4735-A8C6-731B6A0C8AAA}.Release|x64.Build.0 = Release|Any CPU
		{6B393D29-AFB2-4735-A8C6-731B6A0C8AAA}.Release|x86.ActiveCfg = Release|Any CPU
		{6B393D29-AFB2-4735-A8C6-731B6A0C8AAA}.Release|x86.Build.0 = Release|Any CPU
		{461EC52F-6618-495B-9B35-0602889A5792}.Debug|Any CPU.ActiveCfg = Debug|Any CPU
		{461EC52F-6618-495B-9B35-0602889A5792}.Debug|Any CPU.Build.0 = Debug|Any CPU
		{461EC52F-6618-495B-9B35-0602889A5792}.Debug|x64.ActiveCfg = Debug|Any CPU
		{461EC52F-6618-495B-9B35-0602889A5792}.Debug|x64.Build.0 = Debug|Any CPU
		{461EC52F-6618-495B-9B35-0602889A5792}.Debug|x86.ActiveCfg = Debug|Any CPU
		{461EC52F-6618-495B-9B35-0602889A5792}.Debug|x86.Build.0 = Debug|Any CPU
		{461EC52F-6618-495B-9B35-0602889A5792}.Release|Any CPU.ActiveCfg = Release|Any CPU
		{461EC52F-6618-495B-9B35-0602889A5792}.Release|Any CPU.Build.0 = Release|Any CPU
		{461EC52F-6618-495B-9B35-0602889A5792}.Release|x64.ActiveCfg = Release|Any CPU
		{461EC52F-6618-495B-9B35-0602889A5792}.Release|x64.Build.0 = Release|Any CPU
		{461EC52F-6618-495B-9B35-0602889A5792}.Release|x86.ActiveCfg = Release|Any CPU
		{461EC52F-6618-495B-9B35-0602889A5792}.Release|x86.Build.0 = Release|Any CPU
		{164C61F6-AF76-41F8-83F5-46C46B00EFFB}.Debug|Any CPU.ActiveCfg = Debug|Any CPU
		{164C61F6-AF76-41F8-83F5-46C46B00EFFB}.Debug|Any CPU.Build.0 = Debug|Any CPU
		{164C61F6-AF76-41F8-83F5-46C46B00EFFB}.Debug|x64.ActiveCfg = Debug|Any CPU
		{164C61F6-AF76-41F8-83F5-46C46B00EFFB}.Debug|x64.Build.0 = Debug|Any CPU
		{164C61F6-AF76-41F8-83F5-46C46B00EFFB}.Debug|x86.ActiveCfg = Debug|Any CPU
		{164C61F6-AF76-41F8-83F5-46C46B00EFFB}.Debug|x86.Build.0 = Debug|Any CPU
		{164C61F6-AF76-41F8-83F5-46C46B00EFFB}.Release|Any CPU.ActiveCfg = Release|Any CPU
		{164C61F6-AF76-41F8-83F5-46C46B00EFFB}.Release|Any CPU.Build.0 = Release|Any CPU
		{164C61F6-AF76-41F8-83F5-46C46B00EFFB}.Release|x64.ActiveCfg = Release|Any CPU
		{164C61F6-AF76-41F8-83F5-46C46B00EFFB}.Release|x64.Build.0 = Release|Any CPU
		{164C61F6-AF76-41F8-83F5-46C46B00EFFB}.Release|x86.ActiveCfg = Release|Any CPU
		{164C61F6-AF76-41F8-83F5-46C46B00EFFB}.Release|x86.Build.0 = Release|Any CPU
		{C1560591-8CD6-4B5D-806D-9F5FADC7BB29}.Debug|Any CPU.ActiveCfg = Debug|Any CPU
		{C1560591-8CD6-4B5D-806D-9F5FADC7BB29}.Debug|Any CPU.Build.0 = Debug|Any CPU
		{C1560591-8CD6-4B5D-806D-9F5FADC7BB29}.Debug|x64.ActiveCfg = Debug|Any CPU
		{C1560591-8CD6-4B5D-806D-9F5FADC7BB29}.Debug|x64.Build.0 = Debug|Any CPU
		{C1560591-8CD6-4B5D-806D-9F5FADC7BB29}.Debug|x86.ActiveCfg = Debug|Any CPU
		{C1560591-8CD6-4B5D-806D-9F5FADC7BB29}.Debug|x86.Build.0 = Debug|Any CPU
		{C1560591-8CD6-4B5D-806D-9F5FADC7BB29}.Release|Any CPU.ActiveCfg = Release|Any CPU
		{C1560591-8CD6-4B5D-806D-9F5FADC7BB29}.Release|Any CPU.Build.0 = Release|Any CPU
		{C1560591-8CD6-4B5D-806D-9F5FADC7BB29}.Release|x64.ActiveCfg = Release|Any CPU
		{C1560591-8CD6-4B5D-806D-9F5FADC7BB29}.Release|x64.Build.0 = Release|Any CPU
		{C1560591-8CD6-4B5D-806D-9F5FADC7BB29}.Release|x86.ActiveCfg = Release|Any CPU
		{C1560591-8CD6-4B5D-806D-9F5FADC7BB29}.Release|x86.Build.0 = Release|Any CPU
	EndGlobalSection
	GlobalSection(SolutionProperties) = preSolution
		HideSolutionNode = FALSE
	EndGlobalSection
	GlobalSection(NestedProjects) = preSolution
		{90298CBA-BD6F-3A0A-69D5-97CAD7B05E7E} = {827E0CD3-B72D-47B6-A68D-7590B98EB39B}
		{B7AE060B-811D-4AD6-8367-663C5E7490E0} = {90298CBA-BD6F-3A0A-69D5-97CAD7B05E7E}
		{314AC2C4-9694-4B5C-92A1-F356AE9706E3} = {90298CBA-BD6F-3A0A-69D5-97CAD7B05E7E}
		{B679A0B7-0E84-49D4-ABA4-6D3E6785624D} = {90298CBA-BD6F-3A0A-69D5-97CAD7B05E7E}
		{D48C576F-2BEA-4CC0-ABC9-80B10D872717} = {90298CBA-BD6F-3A0A-69D5-97CAD7B05E7E}
		{6306A8FB-679E-111F-6585-8F70E0EE6013} = {827E0CD3-B72D-47B6-A68D-7590B98EB39B}
		{83398E7B-25E3-45E0-BD57-FCD7B3B64533} = {6306A8FB-679E-111F-6585-8F70E0EE6013}
		{984BB9B3-3FA3-BE33-9484-CAC21695A33C} = {827E0CD3-B72D-47B6-A68D-7590B98EB39B}
		{1BFC9479-12BF-35C3-06B8-42D89D95092B} = {984BB9B3-3FA3-BE33-9484-CAC21695A33C}
		{51261A15-2B1F-40D4-8684-77C92EA397AF} = {1BFC9479-12BF-35C3-06B8-42D89D95092B}
		{6308252C-E9DA-9E96-6E5D-5D1EC91EF9C2} = {984BB9B3-3FA3-BE33-9484-CAC21695A33C}
		{839E692A-83DB-4655-B850-9C40072D6FB0} = {6308252C-E9DA-9E96-6E5D-5D1EC91EF9C2}
		{5D0AC027-C8EE-3244-A029-36278C99F1B8} = {984BB9B3-3FA3-BE33-9484-CAC21695A33C}
		{6B393D29-AFB2-4735-A8C6-731B6A0C8AAA} = {5D0AC027-C8EE-3244-A029-36278C99F1B8}
		{CCB037B1-8887-5A16-D510-C5142074CF12} = {984BB9B3-3FA3-BE33-9484-CAC21695A33C}
		{461EC52F-6618-495B-9B35-0602889A5792} = {CCB037B1-8887-5A16-D510-C5142074CF12}
		{40B59F69-022F-A9EE-E3B7-096C1E81294B} = {984BB9B3-3FA3-BE33-9484-CAC21695A33C}
		{164C61F6-AF76-41F8-83F5-46C46B00EFFB} = {40B59F69-022F-A9EE-E3B7-096C1E81294B}
		{BB77F832-879F-00F9-E108-00944EDB87D8} = {984BB9B3-3FA3-BE33-9484-CAC21695A33C}
		{C1560591-8CD6-4B5D-806D-9F5FADC7BB29} = {BB77F832-879F-00F9-E108-00944EDB87D8}
	EndGlobalSection
EndGlobal
