
Microsoft Visual Studio Solution File, Format Version 12.00
# Visual Studio Version 17
VisualStudioVersion = 17.0.31903.59
MinimumVisualStudioVersion = 10.0.40219.1
Project("{2150E333-8FDC-42A3-9474-1A3956D46DE8}") = "BuildingBlocks", "BuildingBlocks", "{7266C4A9-E384-DC00-0EB6-47F6002CFBA7}"
EndProject
Project("{FAE04EC0-301F-11D3-BF4B-00C04F79EFBC}") = "Analytics.API", "Analytics.API\Analytics.API.csproj", "{2287F8D3-D231-485B-81F4-1A2D2E9DF02D}"
EndProject
Project("{FAE04EC0-301F-11D3-BF4B-00C04F79EFBC}") = "BuildingBlocks.Application", "..\..\BuildingBlocks\BuildingBlocks.Application\BuildingBlocks.Application.csproj", "{26F3C60F-43F8-4377-A669-828C57401812}"
EndProject
Project("{FAE04EC0-301F-11D3-BF4B-00C04F79EFBC}") = "BuildingBlocks.Domain", "..\..\BuildingBlocks\BuildingBlocks.Domain\BuildingBlocks.Domain.csproj", "{2A974360-5FC9-4503-8399-E7EBE864274E}"
EndProject
Project("{FAE04EC0-301F-11D3-BF4B-00C04F79EFBC}") = "BuildingBlocks.Contracts", "..\..\BuildingBlocks\BuildingBlocks.Contracts\BuildingBlocks.Contracts.csproj", "{15666A39-46AF-4EFD-9AEA-5583163C77D3}"
EndProject
Project("{FAE04EC0-301F-11D3-BF4B-00C04F79EFBC}") = "BuildingBlocks.Infrastructure", "..\..\BuildingBlocks\BuildingBlocks.Infrastructure\BuildingBlocks.Infrastructure.csproj", "{508EBD92-7030-4DCD-B95C-C91D983609A0}"
EndProject
Project("{FAE04EC0-301F-11D3-BF4B-00C04F79EFBC}") = "Analytics.Domain", "Analytics.Domain\Analytics.Domain.csproj", "{60F937B8-4C45-4677-A865-7B8F1390C189}"
EndProject
Project("{FAE04EC0-301F-11D3-BF4B-00C04F79EFBC}") = "Analytics.Application", "Analytics.Application\Analytics.Application.csproj", "{4FDD2B5D-23D3-4EF8-A16D-C3D9759A1C6D}"
EndProject
Project("{FAE04EC0-301F-11D3-BF4B-00C04F79EFBC}") = "Analytics.Infrastructure", "Analytics.Infrastructure\Analytics.Infrastructure.csproj", "{C103A512-CA02-45DC-8BEC-D0D300B785A1}"
EndProject
Global
	GlobalSection(SolutionConfigurationPlatforms) = preSolution
		Debug|Any CPU = Debug|Any CPU
		Debug|x64 = Debug|x64
		Debug|x86 = Debug|x86
		Release|Any CPU = Release|Any CPU
		Release|x64 = Release|x64
		Release|x86 = Release|x86
	EndGlobalSection
	GlobalSection(ProjectConfigurationPlatforms) = postSolution
		{2287F8D3-D231-485B-81F4-1A2D2E9DF02D}.Debug|Any CPU.ActiveCfg = Debug|Any CPU
		{2287F8D3-D231-485B-81F4-1A2D2E9DF02D}.Debug|Any CPU.Build.0 = Debug|Any CPU
		{2287F8D3-D231-485B-81F4-1A2D2E9DF02D}.Debug|x64.ActiveCfg = Debug|Any CPU
		{2287F8D3-D231-485B-81F4-1A2D2E9DF02D}.Debug|x64.Build.0 = Debug|Any CPU
		{2287F8D3-D231-485B-81F4-1A2D2E9DF02D}.Debug|x86.ActiveCfg = Debug|Any CPU
		{2287F8D3-D231-485B-81F4-1A2D2E9DF02D}.Debug|x86.Build.0 = Debug|Any CPU
		{2287F8D3-D231-485B-81F4-1A2D2E9DF02D}.Release|Any CPU.ActiveCfg = Release|Any CPU
		{2287F8D3-D231-485B-81F4-1A2D2E9DF02D}.Release|Any CPU.Build.0 = Release|Any CPU
		{2287F8D3-D231-485B-81F4-1A2D2E9DF02D}.Release|x64.ActiveCfg = Release|Any CPU
		{2287F8D3-D231-485B-81F4-1A2D2E9DF02D}.Release|x64.Build.0 = Release|Any CPU
		{2287F8D3-D231-485B-81F4-1A2D2E9DF02D}.Release|x86.ActiveCfg = Release|Any CPU
		{2287F8D3-D231-485B-81F4-1A2D2E9DF02D}.Release|x86.Build.0 = Release|Any CPU
		{26F3C60F-43F8-4377-A669-828C57401812}.Debug|Any CPU.ActiveCfg = Debug|Any CPU
		{26F3C60F-43F8-4377-A669-828C57401812}.Debug|Any CPU.Build.0 = Debug|Any CPU
		{26F3C60F-43F8-4377-A669-828C57401812}.Debug|x64.ActiveCfg = Debug|Any CPU
		{26F3C60F-43F8-4377-A669-828C57401812}.Debug|x64.Build.0 = Debug|Any CPU
		{26F3C60F-43F8-4377-A669-828C57401812}.Debug|x86.ActiveCfg = Debug|Any CPU
		{26F3C60F-43F8-4377-A669-828C57401812}.Debug|x86.Build.0 = Debug|Any CPU
		{26F3C60F-43F8-4377-A669-828C57401812}.Release|Any CPU.ActiveCfg = Release|Any CPU
		{26F3C60F-43F8-4377-A669-828C57401812}.Release|Any CPU.Build.0 = Release|Any CPU
		{26F3C60F-43F8-4377-A669-828C57401812}.Release|x64.ActiveCfg = Release|Any CPU
		{26F3C60F-43F8-4377-A669-828C57401812}.Release|x64.Build.0 = Release|Any CPU
		{26F3C60F-43F8-4377-A669-828C57401812}.Release|x86.ActiveCfg = Release|Any CPU
		{26F3C60F-43F8-4377-A669-828C57401812}.Release|x86.Build.0 = Release|Any CPU
		{2A974360-5FC9-4503-8399-E7EBE864274E}.Debug|Any CPU.ActiveCfg = Debug|Any CPU
		{2A974360-5FC9-4503-8399-E7EBE864274E}.Debug|Any CPU.Build.0 = Debug|Any CPU
		{2A974360-5FC9-4503-8399-E7EBE864274E}.Debug|x64.ActiveCfg = Debug|Any CPU
		{2A974360-5FC9-4503-8399-E7EBE864274E}.Debug|x64.Build.0 = Debug|Any CPU
		{2A974360-5FC9-4503-8399-E7EBE864274E}.Debug|x86.ActiveCfg = Debug|Any CPU
		{2A974360-5FC9-4503-8399-E7EBE864274E}.Debug|x86.Build.0 = Debug|Any CPU
		{2A974360-5FC9-4503-8399-E7EBE864274E}.Release|Any CPU.ActiveCfg = Release|Any CPU
		{2A974360-5FC9-4503-8399-E7EBE864274E}.Release|Any CPU.Build.0 = Release|Any CPU
		{2A974360-5FC9-4503-8399-E7EBE864274E}.Release|x64.ActiveCfg = Release|Any CPU
		{2A974360-5FC9-4503-8399-E7EBE864274E}.Release|x64.Build.0 = Release|Any CPU
		{2A974360-5FC9-4503-8399-E7EBE864274E}.Release|x86.ActiveCfg = Release|Any CPU
		{2A974360-5FC9-4503-8399-E7EBE864274E}.Release|x86.Build.0 = Release|Any CPU
		{15666A39-46AF-4EFD-9AEA-5583163C77D3}.Debug|Any CPU.ActiveCfg = Debug|Any CPU
		{15666A39-46AF-4EFD-9AEA-5583163C77D3}.Debug|Any CPU.Build.0 = Debug|Any CPU
		{15666A39-46AF-4EFD-9AEA-5583163C77D3}.Debug|x64.ActiveCfg = Debug|Any CPU
		{15666A39-46AF-4EFD-9AEA-5583163C77D3}.Debug|x64.Build.0 = Debug|Any CPU
		{15666A39-46AF-4EFD-9AEA-5583163C77D3}.Debug|x86.ActiveCfg = Debug|Any CPU
		{15666A39-46AF-4EFD-9AEA-5583163C77D3}.Debug|x86.Build.0 = Debug|Any CPU
		{15666A39-46AF-4EFD-9AEA-5583163C77D3}.Release|Any CPU.ActiveCfg = Release|Any CPU
		{15666A39-46AF-4EFD-9AEA-5583163C77D3}.Release|Any CPU.Build.0 = Release|Any CPU
		{15666A39-46AF-4EFD-9AEA-5583163C77D3}.Release|x64.ActiveCfg = Release|Any CPU
		{15666A39-46AF-4EFD-9AEA-5583163C77D3}.Release|x64.Build.0 = Release|Any CPU
		{15666A39-46AF-4EFD-9AEA-5583163C77D3}.Release|x86.ActiveCfg = Release|Any CPU
		{15666A39-46AF-4EFD-9AEA-5583163C77D3}.Release|x86.Build.0 = Release|Any CPU
		{508EBD92-7030-4DCD-B95C-C91D983609A0}.Debug|Any CPU.ActiveCfg = Debug|Any CPU
		{508EBD92-7030-4DCD-B95C-C91D983609A0}.Debug|Any CPU.Build.0 = Debug|Any CPU
		{508EBD92-7030-4DCD-B95C-C91D983609A0}.Debug|x64.ActiveCfg = Debug|Any CPU
		{508EBD92-7030-4DCD-B95C-C91D983609A0}.Debug|x64.Build.0 = Debug|Any CPU
		{508EBD92-7030-4DCD-B95C-C91D983609A0}.Debug|x86.ActiveCfg = Debug|Any CPU
		{508EBD92-7030-4DCD-B95C-C91D983609A0}.Debug|x86.Build.0 = Debug|Any CPU
		{508EBD92-7030-4DCD-B95C-C91D983609A0}.Release|Any CPU.ActiveCfg = Release|Any CPU
		{508EBD92-7030-4DCD-B95C-C91D983609A0}.Release|Any CPU.Build.0 = Release|Any CPU
		{508EBD92-7030-4DCD-B95C-C91D983609A0}.Release|x64.ActiveCfg = Release|Any CPU
		{508EBD92-7030-4DCD-B95C-C91D983609A0}.Release|x64.Build.0 = Release|Any CPU
		{508EBD92-7030-4DCD-B95C-C91D983609A0}.Release|x86.ActiveCfg = Release|Any CPU
		{508EBD92-7030-4DCD-B95C-C91D983609A0}.Release|x86.Build.0 = Release|Any CPU
		{60F937B8-4C45-4677-A865-7B8F1390C189}.Debug|Any CPU.ActiveCfg = Debug|Any CPU
		{60F937B8-4C45-4677-A865-7B8F1390C189}.Debug|Any CPU.Build.0 = Debug|Any CPU
		{60F937B8-4C45-4677-A865-7B8F1390C189}.Debug|x64.ActiveCfg = Debug|Any CPU
		{60F937B8-4C45-4677-A865-7B8F1390C189}.Debug|x64.Build.0 = Debug|Any CPU
		{60F937B8-4C45-4677-A865-7B8F1390C189}.Debug|x86.ActiveCfg = Debug|Any CPU
		{60F937B8-4C45-4677-A865-7B8F1390C189}.Debug|x86.Build.0 = Debug|Any CPU
		{60F937B8-4C45-4677-A865-7B8F1390C189}.Release|Any CPU.ActiveCfg = Release|Any CPU
		{60F937B8-4C45-4677-A865-7B8F1390C189}.Release|Any CPU.Build.0 = Release|Any CPU
		{60F937B8-4C45-4677-A865-7B8F1390C189}.Release|x64.ActiveCfg = Release|Any CPU
		{60F937B8-4C45-4677-A865-7B8F1390C189}.Release|x64.Build.0 = Release|Any CPU
		{60F937B8-4C45-4677-A865-7B8F1390C189}.Release|x86.ActiveCfg = Release|Any CPU
		{60F937B8-4C45-4677-A865-7B8F1390C189}.Release|x86.Build.0 = Release|Any CPU
		{4FDD2B5D-23D3-4EF8-A16D-C3D9759A1C6D}.Debug|Any CPU.ActiveCfg = Debug|Any CPU
		{4FDD2B5D-23D3-4EF8-A16D-C3D9759A1C6D}.Debug|Any CPU.Build.0 = Debug|Any CPU
		{4FDD2B5D-23D3-4EF8-A16D-C3D9759A1C6D}.Debug|x64.ActiveCfg = Debug|Any CPU
		{4FDD2B5D-23D3-4EF8-A16D-C3D9759A1C6D}.Debug|x64.Build.0 = Debug|Any CPU
		{4FDD2B5D-23D3-4EF8-A16D-C3D9759A1C6D}.Debug|x86.ActiveCfg = Debug|Any CPU
		{4FDD2B5D-23D3-4EF8-A16D-C3D9759A1C6D}.Debug|x86.Build.0 = Debug|Any CPU
		{4FDD2B5D-23D3-4EF8-A16D-C3D9759A1C6D}.Release|Any CPU.ActiveCfg = Release|Any CPU
		{4FDD2B5D-23D3-4EF8-A16D-C3D9759A1C6D}.Release|Any CPU.Build.0 = Release|Any CPU
		{4FDD2B5D-23D3-4EF8-A16D-C3D9759A1C6D}.Release|x64.ActiveCfg = Release|Any CPU
		{4FDD2B5D-23D3-4EF8-A16D-C3D9759A1C6D}.Release|x64.Build.0 = Release|Any CPU
		{4FDD2B5D-23D3-4EF8-A16D-C3D9759A1C6D}.Release|x86.ActiveCfg = Release|Any CPU
		{4FDD2B5D-23D3-4EF8-A16D-C3D9759A1C6D}.Release|x86.Build.0 = Release|Any CPU
		{C103A512-CA02-45DC-8BEC-D0D300B785A1}.Debug|Any CPU.ActiveCfg = Debug|Any CPU
		{C103A512-CA02-45DC-8BEC-D0D300B785A1}.Debug|Any CPU.Build.0 = Debug|Any CPU
		{C103A512-CA02-45DC-8BEC-D0D300B785A1}.Debug|x64.ActiveCfg = Debug|Any CPU
		{C103A512-CA02-45DC-8BEC-D0D300B785A1}.Debug|x64.Build.0 = Debug|Any CPU
		{C103A512-CA02-45DC-8BEC-D0D300B785A1}.Debug|x86.ActiveCfg = Debug|Any CPU
		{C103A512-CA02-45DC-8BEC-D0D300B785A1}.Debug|x86.Build.0 = Debug|Any CPU
		{C103A512-CA02-45DC-8BEC-D0D300B785A1}.Release|Any CPU.ActiveCfg = Release|Any CPU
		{C103A512-CA02-45DC-8BEC-D0D300B785A1}.Release|Any CPU.Build.0 = Release|Any CPU
		{C103A512-CA02-45DC-8BEC-D0D300B785A1}.Release|x64.ActiveCfg = Release|Any CPU
		{C103A512-CA02-45DC-8BEC-D0D300B785A1}.Release|x64.Build.0 = Release|Any CPU
		{C103A512-CA02-45DC-8BEC-D0D300B785A1}.Release|x86.ActiveCfg = Release|Any CPU
		{C103A512-CA02-45DC-8BEC-D0D300B785A1}.Release|x86.Build.0 = Release|Any CPU
	EndGlobalSection
	GlobalSection(SolutionProperties) = preSolution
		HideSolutionNode = FALSE
	EndGlobalSection
	GlobalSection(NestedProjects) = preSolution
		{2287F8D3-D231-485B-81F4-1A2D2E9DF02D} = {7266C4A9-E384-DC00-0EB6-47F6002CFBA7}
		{26F3C60F-43F8-4377-A669-828C57401812} = {7266C4A9-E384-DC00-0EB6-47F6002CFBA7}
		{2A974360-5FC9-4503-8399-E7EBE864274E} = {7266C4A9-E384-DC00-0EB6-47F6002CFBA7}
		{15666A39-46AF-4EFD-9AEA-5583163C77D3} = {7266C4A9-E384-DC00-0EB6-47F6002CFBA7}
		{508EBD92-7030-4DCD-B95C-C91D983609A0} = {7266C4A9-E384-DC00-0EB6-47F6002CFBA7}
	EndGlobalSection
EndGlobal
