
Microsoft Visual Studio Solution File, Format Version 12.00
# Visual Studio Version 17
VisualStudioVersion = 17.0.31903.59
MinimumVisualStudioVersion = 10.0.40219.1
Project("{2150E333-8FDC-42A3-9474-1A3956D46DE8}") = "BuildingBlocks", "BuildingBlocks", "{7266C4A9-E384-DC00-0EB6-47F6002CFBA7}"
EndProject
Project("{FAE04EC0-301F-11D3-BF4B-00C04F79EFBC}") = "Attendance.API", "Attendance.API\Attendance.API.csproj", "{35A5A4FF-F947-463B-817F-2504558D78D9}"
EndProject
Project("{FAE04EC0-301F-11D3-BF4B-00C04F79EFBC}") = "Attendance.Domain", "Attendance.Domain\Attendance.Domain.csproj", "{A2B3C4D5-E6F7-8901-ABCD-EF1234567891}"
EndProject
Project("{FAE04EC0-301F-11D3-BF4B-00C04F79EFBC}") = "Attendance.Application", "Attendance.Application\Attendance.Application.csproj", "{B2C3D4E5-F6A7-8901-BCDE-F01234567892}"
EndProject
Project("{FAE04EC0-301F-11D3-BF4B-00C04F79EFBC}") = "Attendance.Infrastructure", "Attendance.Infrastructure\Attendance.Infrastructure.csproj", "{C2D3E4F5-A6B7-8901-CDEF-012345678903}"
EndProject
Project("{FAE04EC0-301F-11D3-BF4B-00C04F79EFBC}") = "BuildingBlocks.Application", "..\..\BuildingBlocks\BuildingBlocks.Application\BuildingBlocks.Application.csproj", "{DCC7B00E-82BD-41B1-96CF-FD0527EA0166}"
EndProject
Project("{FAE04EC0-301F-11D3-BF4B-00C04F79EFBC}") = "BuildingBlocks.Domain", "..\..\BuildingBlocks\BuildingBlocks.Domain\BuildingBlocks.Domain.csproj", "{9AE03568-22B0-40B5-B886-EC63A72CFECD}"
EndProject
Project("{FAE04EC0-301F-11D3-BF4B-00C04F79EFBC}") = "BuildingBlocks.Contracts", "..\..\BuildingBlocks\BuildingBlocks.Contracts\BuildingBlocks.Contracts.csproj", "{0336311F-CC6F-425C-AE01-170D3A221BD7}"
EndProject
Project("{FAE04EC0-301F-11D3-BF4B-00C04F79EFBC}") = "BuildingBlocks.Infrastructure", "..\..\BuildingBlocks\BuildingBlocks.Infrastructure\BuildingBlocks.Infrastructure.csproj", "{0E5962B3-7B4A-4ECF-A726-39BCC9941F9F}"
EndProject
Project("{FAE04EC0-301F-11D3-BF4B-00C04F79EFBC}") = "Attendance.Tests", "..\..\..\tests\Attendance.Tests\Attendance.Tests.csproj", "{D2E3F4A5-B6C7-8901-DEF0-123456789014}"
EndProject
Global
	GlobalSection(SolutionConfigurationPlatforms) = preSolution
		Debug|Any CPU = Debug|Any CPU
		Release|Any CPU = Release|Any CPU
	EndGlobalSection
	GlobalSection(ProjectConfigurationPlatforms) = postSolution
		{35A5A4FF-F947-463B-817F-2504558D78D9}.Debug|Any CPU.ActiveCfg = Debug|Any CPU
		{35A5A4FF-F947-463B-817F-2504558D78D9}.Debug|Any CPU.Build.0 = Debug|Any CPU
		{35A5A4FF-F947-463B-817F-2504558D78D9}.Release|Any CPU.ActiveCfg = Release|Any CPU
		{35A5A4FF-F947-463B-817F-2504558D78D9}.Release|Any CPU.Build.0 = Release|Any CPU
		{A2B3C4D5-E6F7-8901-ABCD-EF1234567891}.Debug|Any CPU.ActiveCfg = Debug|Any CPU
		{A2B3C4D5-E6F7-8901-ABCD-EF1234567891}.Debug|Any CPU.Build.0 = Debug|Any CPU
		{A2B3C4D5-E6F7-8901-ABCD-EF1234567891}.Release|Any CPU.ActiveCfg = Release|Any CPU
		{A2B3C4D5-E6F7-8901-ABCD-EF1234567891}.Release|Any CPU.Build.0 = Release|Any CPU
		{B2C3D4E5-F6A7-8901-BCDE-F01234567892}.Debug|Any CPU.ActiveCfg = Debug|Any CPU
		{B2C3D4E5-F6A7-8901-BCDE-F01234567892}.Debug|Any CPU.Build.0 = Debug|Any CPU
		{B2C3D4E5-F6A7-8901-BCDE-F01234567892}.Release|Any CPU.ActiveCfg = Release|Any CPU
		{B2C3D4E5-F6A7-8901-BCDE-F01234567892}.Release|Any CPU.Build.0 = Release|Any CPU
		{C2D3E4F5-A6B7-8901-CDEF-012345678903}.Debug|Any CPU.ActiveCfg = Debug|Any CPU
		{C2D3E4F5-A6B7-8901-CDEF-012345678903}.Debug|Any CPU.Build.0 = Debug|Any CPU
		{C2D3E4F5-A6B7-8901-CDEF-012345678903}.Release|Any CPU.ActiveCfg = Release|Any CPU
		{C2D3E4F5-A6B7-8901-CDEF-012345678903}.Release|Any CPU.Build.0 = Release|Any CPU
		{DCC7B00E-82BD-41B1-96CF-FD0527EA0166}.Debug|Any CPU.ActiveCfg = Debug|Any CPU
		{DCC7B00E-82BD-41B1-96CF-FD0527EA0166}.Debug|Any CPU.Build.0 = Debug|Any CPU
		{DCC7B00E-82BD-41B1-96CF-FD0527EA0166}.Release|Any CPU.ActiveCfg = Release|Any CPU
		{DCC7B00E-82BD-41B1-96CF-FD0527EA0166}.Release|Any CPU.Build.0 = Release|Any CPU
		{9AE03568-22B0-40B5-B886-EC63A72CFECD}.Debug|Any CPU.ActiveCfg = Debug|Any CPU
		{9AE03568-22B0-40B5-B886-EC63A72CFECD}.Debug|Any CPU.Build.0 = Debug|Any CPU
		{9AE03568-22B0-40B5-B886-EC63A72CFECD}.Release|Any CPU.ActiveCfg = Release|Any CPU
		{9AE03568-22B0-40B5-B886-EC63A72CFECD}.Release|Any CPU.Build.0 = Release|Any CPU
		{0336311F-CC6F-425C-AE01-170D3A221BD7}.Debug|Any CPU.ActiveCfg = Debug|Any CPU
		{0336311F-CC6F-425C-AE01-170D3A221BD7}.Debug|Any CPU.Build.0 = Debug|Any CPU
		{0336311F-CC6F-425C-AE01-170D3A221BD7}.Release|Any CPU.ActiveCfg = Release|Any CPU
		{0336311F-CC6F-425C-AE01-170D3A221BD7}.Release|Any CPU.Build.0 = Release|Any CPU
		{0E5962B3-7B4A-4ECF-A726-39BCC9941F9F}.Debug|Any CPU.ActiveCfg = Debug|Any CPU
		{0E5962B3-7B4A-4ECF-A726-39BCC9941F9F}.Debug|Any CPU.Build.0 = Debug|Any CPU
		{0E5962B3-7B4A-4ECF-A726-39BCC9941F9F}.Release|Any CPU.ActiveCfg = Release|Any CPU
		{0E5962B3-7B4A-4ECF-A726-39BCC9941F9F}.Release|Any CPU.Build.0 = Release|Any CPU
		{D2E3F4A5-B6C7-8901-DEF0-123456789014}.Debug|Any CPU.ActiveCfg = Debug|Any CPU
		{D2E3F4A5-B6C7-8901-DEF0-123456789014}.Debug|Any CPU.Build.0 = Debug|Any CPU
		{D2E3F4A5-B6C7-8901-DEF0-123456789014}.Release|Any CPU.ActiveCfg = Release|Any CPU
		{D2E3F4A5-B6C7-8901-DEF0-123456789014}.Release|Any CPU.Build.0 = Release|Any CPU
	EndGlobalSection
	GlobalSection(SolutionProperties) = preSolution
		HideSolutionNode = FALSE
	EndGlobalSection
	GlobalSection(NestedProjects) = preSolution
		{35A5A4FF-F947-463B-817F-2504558D78D9} = {7266C4A9-E384-DC00-0EB6-47F6002CFBA7}
		{A2B3C4D5-E6F7-8901-ABCD-EF1234567891} = {7266C4A9-E384-DC00-0EB6-47F6002CFBA7}
		{B2C3D4E5-F6A7-8901-BCDE-F01234567892} = {7266C4A9-E384-DC00-0EB6-47F6002CFBA7}
		{C2D3E4F5-A6B7-8901-CDEF-012345678903} = {7266C4A9-E384-DC00-0EB6-47F6002CFBA7}
		{DCC7B00E-82BD-41B1-96CF-FD0527EA0166} = {7266C4A9-E384-DC00-0EB6-47F6002CFBA7}
		{9AE03568-22B0-40B5-B886-EC63A72CFECD} = {7266C4A9-E384-DC00-0EB6-47F6002CFBA7}
		{0336311F-CC6F-425C-AE01-170D3A221BD7} = {7266C4A9-E384-DC00-0EB6-47F6002CFBA7}
		{0E5962B3-7B4A-4ECF-A726-39BCC9941F9F} = {7266C4A9-E384-DC00-0EB6-47F6002CFBA7}
	EndGlobalSection
EndGlobal
