
Microsoft Visual Studio Solution File, Format Version 12.00
# Visual Studio Version 17
VisualStudioVersion = 17.0.31903.59
MinimumVisualStudioVersion = 10.0.40219.1
Project("{2150E333-8FDC-42A3-9474-1A3956D46DE8}") = "BuildingBlocks", "BuildingBlocks", "{7266C4A9-E384-DC00-0EB6-47F6002CFBA7}"
EndProject
Project("{FAE04EC0-301F-11D3-BF4B-00C04F79EFBC}") = "Identity.Domain", "Identity.Domain\Identity.Domain.csproj", "{808D9798-178D-4B38-B027-C2882826AC46}"
EndProject
Project("{FAE04EC0-301F-11D3-BF4B-00C04F79EFBC}") = "BuildingBlocks.Domain", "..\..\BuildingBlocks\BuildingBlocks.Domain\BuildingBlocks.Domain.csproj", "{CF2F05A6-65FB-43C9-98DA-0948AD554DDB}"
EndProject
Project("{FAE04EC0-301F-11D3-BF4B-00C04F79EFBC}") = "Identity.Application", "Identity.Application\Identity.Application.csproj", "{C3879AD7-DE39-4B3B-9130-00861F363E73}"
EndProject
Project("{FAE04EC0-301F-11D3-BF4B-00C04F79EFBC}") = "BuildingBlocks.Application", "..\..\BuildingBlocks\BuildingBlocks.Application\BuildingBlocks.Application.csproj", "{F21C006A-DADE-403C-9015-9900FB5AE9F3}"
EndProject
Project("{FAE04EC0-301F-11D3-BF4B-00C04F79EFBC}") = "BuildingBlocks.Contracts", "..\..\BuildingBlocks\BuildingBlocks.Contracts\BuildingBlocks.Contracts.csproj", "{1C107E66-0419-4C03-AE45-E35DC4E31119}"
EndProject
Project("{FAE04EC0-301F-11D3-BF4B-00C04F79EFBC}") = "Identity.Infrastructure", "Identity.Infrastructure\Identity.Infrastructure.csproj", "{7E42F928-6B3F-490E-88DF-F272EB61F7E0}"
EndProject
Project("{FAE04EC0-301F-11D3-BF4B-00C04F79EFBC}") = "BuildingBlocks.Infrastructure", "..\..\BuildingBlocks\BuildingBlocks.Infrastructure\BuildingBlocks.Infrastructure.csproj", "{AB5132E4-2D22-4C90-9023-0F20D0160329}"
EndProject
Project("{FAE04EC0-301F-11D3-BF4B-00C04F79EFBC}") = "Identity.API", "Identity.API\Identity.API.csproj", "{4D1DEAD3-3F44-410D-B618-396456DD66FB}"
EndProject
Project("{FAE04EC0-301F-11D3-BF4B-00C04F79EFBC}") = "Identity.Tests", "..\..\..\tests\Identity.Tests\Identity.Tests.csproj", "{7B97EA45-5900-4E78-B59A-ADCD59A91E63}"
EndProject
Global
	GlobalSection(SolutionConfigurationPlatforms) = preSolution
		Debug|Any CPU = Debug|Any CPU
		Debug|x64 = Debug|x64
		Debug|x86 = Debug|x86
		Release|Any CPU = Release|Any CPU
		Release|x64 = Release|x64
		Release|x86 = Release|x86
	EndGlobalSection
	GlobalSection(ProjectConfigurationPlatforms) = postSolution
		{808D9798-178D-4B38-B027-C2882826AC46}.Debug|Any CPU.ActiveCfg = Debug|Any CPU
		{808D9798-178D-4B38-B027-C2882826AC46}.Debug|Any CPU.Build.0 = Debug|Any CPU
		{808D9798-178D-4B38-B027-C2882826AC46}.Debug|x64.ActiveCfg = Debug|Any CPU
		{808D9798-178D-4B38-B027-C2882826AC46}.Debug|x64.Build.0 = Debug|Any CPU
		{808D9798-178D-4B38-B027-C2882826AC46}.Debug|x86.ActiveCfg = Debug|Any CPU
		{808D9798-178D-4B38-B027-C2882826AC46}.Debug|x86.Build.0 = Debug|Any CPU
		{808D9798-178D-4B38-B027-C2882826AC46}.Release|Any CPU.ActiveCfg = Release|Any CPU
		{808D9798-178D-4B38-B027-C2882826AC46}.Release|Any CPU.Build.0 = Release|Any CPU
		{808D9798-178D-4B38-B027-C2882826AC46}.Release|x64.ActiveCfg = Release|Any CPU
		{808D9798-178D-4B38-B027-C2882826AC46}.Release|x64.Build.0 = Release|Any CPU
		{808D9798-178D-4B38-B027-C2882826AC46}.Release|x86.ActiveCfg = Release|Any CPU
		{808D9798-178D-4B38-B027-C2882826AC46}.Release|x86.Build.0 = Release|Any CPU
		{CF2F05A6-65FB-43C9-98DA-0948AD554DDB}.Debug|Any CPU.ActiveCfg = Debug|Any CPU
		{CF2F05A6-65FB-43C9-98DA-0948AD554DDB}.Debug|Any CPU.Build.0 = Debug|Any CPU
		{CF2F05A6-65FB-43C9-98DA-0948AD554DDB}.Debug|x64.ActiveCfg = Debug|Any CPU
		{CF2F05A6-65FB-43C9-98DA-0948AD554DDB}.Debug|x64.Build.0 = Debug|Any CPU
		{CF2F05A6-65FB-43C9-98DA-0948AD554DDB}.Debug|x86.ActiveCfg = Debug|Any CPU
		{CF2F05A6-65FB-43C9-98DA-0948AD554DDB}.Debug|x86.Build.0 = Debug|Any CPU
		{CF2F05A6-65FB-43C9-98DA-0948AD554DDB}.Release|Any CPU.ActiveCfg = Release|Any CPU
		{CF2F05A6-65FB-43C9-98DA-0948AD554DDB}.Release|Any CPU.Build.0 = Release|Any CPU
		{CF2F05A6-65FB-43C9-98DA-0948AD554DDB}.Release|x64.ActiveCfg = Release|Any CPU
		{CF2F05A6-65FB-43C9-98DA-0948AD554DDB}.Release|x64.Build.0 = Release|Any CPU
		{CF2F05A6-65FB-43C9-98DA-0948AD554DDB}.Release|x86.ActiveCfg = Release|Any CPU
		{CF2F05A6-65FB-43C9-98DA-0948AD554DDB}.Release|x86.Build.0 = Release|Any CPU
		{C3879AD7-DE39-4B3B-9130-00861F363E73}.Debug|Any CPU.ActiveCfg = Debug|Any CPU
		{C3879AD7-DE39-4B3B-9130-00861F363E73}.Debug|Any CPU.Build.0 = Debug|Any CPU
		{C3879AD7-DE39-4B3B-9130-00861F363E73}.Debug|x64.ActiveCfg = Debug|Any CPU
		{C3879AD7-DE39-4B3B-9130-00861F363E73}.Debug|x64.Build.0 = Debug|Any CPU
		{C3879AD7-DE39-4B3B-9130-00861F363E73}.Debug|x86.ActiveCfg = Debug|Any CPU
		{C3879AD7-DE39-4B3B-9130-00861F363E73}.Debug|x86.Build.0 = Debug|Any CPU
		{C3879AD7-DE39-4B3B-9130-00861F363E73}.Release|Any CPU.ActiveCfg = Release|Any CPU
		{C3879AD7-DE39-4B3B-9130-00861F363E73}.Release|Any CPU.Build.0 = Release|Any CPU
		{C3879AD7-DE39-4B3B-9130-00861F363E73}.Release|x64.ActiveCfg = Release|Any CPU
		{C3879AD7-DE39-4B3B-9130-00861F363E73}.Release|x64.Build.0 = Release|Any CPU
		{C3879AD7-DE39-4B3B-9130-00861F363E73}.Release|x86.ActiveCfg = Release|Any CPU
		{C3879AD7-DE39-4B3B-9130-00861F363E73}.Release|x86.Build.0 = Release|Any CPU
		{F21C006A-DADE-403C-9015-9900FB5AE9F3}.Debug|Any CPU.ActiveCfg = Debug|Any CPU
		{F21C006A-DADE-403C-9015-9900FB5AE9F3}.Debug|Any CPU.Build.0 = Debug|Any CPU
		{F21C006A-DADE-403C-9015-9900FB5AE9F3}.Debug|x64.ActiveCfg = Debug|Any CPU
		{F21C006A-DADE-403C-9015-9900FB5AE9F3}.Debug|x64.Build.0 = Debug|Any CPU
		{F21C006A-DADE-403C-9015-9900FB5AE9F3}.Debug|x86.ActiveCfg = Debug|Any CPU
		{F21C006A-DADE-403C-9015-9900FB5AE9F3}.Debug|x86.Build.0 = Debug|Any CPU
		{F21C006A-DADE-403C-9015-9900FB5AE9F3}.Release|Any CPU.ActiveCfg = Release|Any CPU
		{F21C006A-DADE-403C-9015-9900FB5AE9F3}.Release|Any CPU.Build.0 = Release|Any CPU
		{F21C006A-DADE-403C-9015-9900FB5AE9F3}.Release|x64.ActiveCfg = Release|Any CPU
		{F21C006A-DADE-403C-9015-9900FB5AE9F3}.Release|x64.Build.0 = Release|Any CPU
		{F21C006A-DADE-403C-9015-9900FB5AE9F3}.Release|x86.ActiveCfg = Release|Any CPU
		{F21C006A-DADE-403C-9015-9900FB5AE9F3}.Release|x86.Build.0 = Release|Any CPU
		{1C107E66-0419-4C03-AE45-E35DC4E31119}.Debug|Any CPU.ActiveCfg = Debug|Any CPU
		{1C107E66-0419-4C03-AE45-E35DC4E31119}.Debug|Any CPU.Build.0 = Debug|Any CPU
		{1C107E66-0419-4C03-AE45-E35DC4E31119}.Debug|x64.ActiveCfg = Debug|Any CPU
		{1C107E66-0419-4C03-AE45-E35DC4E31119}.Debug|x64.Build.0 = Debug|Any CPU
		{1C107E66-0419-4C03-AE45-E35DC4E31119}.Debug|x86.ActiveCfg = Debug|Any CPU
		{1C107E66-0419-4C03-AE45-E35DC4E31119}.Debug|x86.Build.0 = Debug|Any CPU
		{1C107E66-0419-4C03-AE45-E35DC4E31119}.Release|Any CPU.ActiveCfg = Release|Any CPU
		{1C107E66-0419-4C03-AE45-E35DC4E31119}.Release|Any CPU.Build.0 = Release|Any CPU
		{1C107E66-0419-4C03-AE45-E35DC4E31119}.Release|x64.ActiveCfg = Release|Any CPU
		{1C107E66-0419-4C03-AE45-E35DC4E31119}.Release|x64.Build.0 = Release|Any CPU
		{1C107E66-0419-4C03-AE45-E35DC4E31119}.Release|x86.ActiveCfg = Release|Any CPU
		{1C107E66-0419-4C03-AE45-E35DC4E31119}.Release|x86.Build.0 = Release|Any CPU
		{7E42F928-6B3F-490E-88DF-F272EB61F7E0}.Debug|Any CPU.ActiveCfg = Debug|Any CPU
		{7E42F928-6B3F-490E-88DF-F272EB61F7E0}.Debug|Any CPU.Build.0 = Debug|Any CPU
		{7E42F928-6B3F-490E-88DF-F272EB61F7E0}.Debug|x64.ActiveCfg = Debug|Any CPU
		{7E42F928-6B3F-490E-88DF-F272EB61F7E0}.Debug|x64.Build.0 = Debug|Any CPU
		{7E42F928-6B3F-490E-88DF-F272EB61F7E0}.Debug|x86.ActiveCfg = Debug|Any CPU
		{7E42F928-6B3F-490E-88DF-F272EB61F7E0}.Debug|x86.Build.0 = Debug|Any CPU
		{7E42F928-6B3F-490E-88DF-F272EB61F7E0}.Release|Any CPU.ActiveCfg = Release|Any CPU
		{7E42F928-6B3F-490E-88DF-F272EB61F7E0}.Release|Any CPU.Build.0 = Release|Any CPU
		{7E42F928-6B3F-490E-88DF-F272EB61F7E0}.Release|x64.ActiveCfg = Release|Any CPU
		{7E42F928-6B3F-490E-88DF-F272EB61F7E0}.Release|x64.Build.0 = Release|Any CPU
		{7E42F928-6B3F-490E-88DF-F272EB61F7E0}.Release|x86.ActiveCfg = Release|Any CPU
		{7E42F928-6B3F-490E-88DF-F272EB61F7E0}.Release|x86.Build.0 = Release|Any CPU
		{AB5132E4-2D22-4C90-9023-0F20D0160329}.Debug|Any CPU.ActiveCfg = Debug|Any CPU
		{AB5132E4-2D22-4C90-9023-0F20D0160329}.Debug|Any CPU.Build.0 = Debug|Any CPU
		{AB5132E4-2D22-4C90-9023-0F20D0160329}.Debug|x64.ActiveCfg = Debug|Any CPU
		{AB5132E4-2D22-4C90-9023-0F20D0160329}.Debug|x64.Build.0 = Debug|Any CPU
		{AB5132E4-2D22-4C90-9023-0F20D0160329}.Debug|x86.ActiveCfg = Debug|Any CPU
		{AB5132E4-2D22-4C90-9023-0F20D0160329}.Debug|x86.Build.0 = Debug|Any CPU
		{AB5132E4-2D22-4C90-9023-0F20D0160329}.Release|Any CPU.ActiveCfg = Release|Any CPU
		{AB5132E4-2D22-4C90-9023-0F20D0160329}.Release|Any CPU.Build.0 = Release|Any CPU
		{AB5132E4-2D22-4C90-9023-0F20D0160329}.Release|x64.ActiveCfg = Release|Any CPU
		{AB5132E4-2D22-4C90-9023-0F20D0160329}.Release|x64.Build.0 = Release|Any CPU
		{AB5132E4-2D22-4C90-9023-0F20D0160329}.Release|x86.ActiveCfg = Release|Any CPU
		{AB5132E4-2D22-4C90-9023-0F20D0160329}.Release|x86.Build.0 = Release|Any CPU
		{4D1DEAD3-3F44-410D-B618-396456DD66FB}.Debug|Any CPU.ActiveCfg = Debug|Any CPU
		{4D1DEAD3-3F44-410D-B618-396456DD66FB}.Debug|Any CPU.Build.0 = Debug|Any CPU
		{4D1DEAD3-3F44-410D-B618-396456DD66FB}.Debug|x64.ActiveCfg = Debug|Any CPU
		{4D1DEAD3-3F44-410D-B618-396456DD66FB}.Debug|x64.Build.0 = Debug|Any CPU
		{4D1DEAD3-3F44-410D-B618-396456DD66FB}.Debug|x86.ActiveCfg = Debug|Any CPU
		{4D1DEAD3-3F44-410D-B618-396456DD66FB}.Debug|x86.Build.0 = Debug|Any CPU
		{4D1DEAD3-3F44-410D-B618-396456DD66FB}.Release|Any CPU.ActiveCfg = Release|Any CPU
		{4D1DEAD3-3F44-410D-B618-396456DD66FB}.Release|Any CPU.Build.0 = Release|Any CPU
		{4D1DEAD3-3F44-410D-B618-396456DD66FB}.Release|x64.ActiveCfg = Release|Any CPU
		{4D1DEAD3-3F44-410D-B618-396456DD66FB}.Release|x64.Build.0 = Release|Any CPU
		{4D1DEAD3-3F44-410D-B618-396456DD66FB}.Release|x86.ActiveCfg = Release|Any CPU
		{4D1DEAD3-3F44-410D-B618-396456DD66FB}.Release|x86.Build.0 = Release|Any CPU
		{7B97EA45-5900-4E78-B59A-ADCD59A91E63}.Debug|Any CPU.ActiveCfg = Debug|Any CPU
		{7B97EA45-5900-4E78-B59A-ADCD59A91E63}.Debug|Any CPU.Build.0 = Debug|Any CPU
		{7B97EA45-5900-4E78-B59A-ADCD59A91E63}.Debug|x64.ActiveCfg = Debug|Any CPU
		{7B97EA45-5900-4E78-B59A-ADCD59A91E63}.Debug|x64.Build.0 = Debug|Any CPU
		{7B97EA45-5900-4E78-B59A-ADCD59A91E63}.Debug|x86.ActiveCfg = Debug|Any CPU
		{7B97EA45-5900-4E78-B59A-ADCD59A91E63}.Debug|x86.Build.0 = Debug|Any CPU
		{7B97EA45-5900-4E78-B59A-ADCD59A91E63}.Release|Any CPU.ActiveCfg = Release|Any CPU
		{7B97EA45-5900-4E78-B59A-ADCD59A91E63}.Release|Any CPU.Build.0 = Release|Any CPU
		{7B97EA45-5900-4E78-B59A-ADCD59A91E63}.Release|x64.ActiveCfg = Release|Any CPU
		{7B97EA45-5900-4E78-B59A-ADCD59A91E63}.Release|x64.Build.0 = Release|Any CPU
		{7B97EA45-5900-4E78-B59A-ADCD59A91E63}.Release|x86.ActiveCfg = Release|Any CPU
		{7B97EA45-5900-4E78-B59A-ADCD59A91E63}.Release|x86.Build.0 = Release|Any CPU
	EndGlobalSection
	GlobalSection(SolutionProperties) = preSolution
		HideSolutionNode = FALSE
	EndGlobalSection
	GlobalSection(NestedProjects) = preSolution
		{808D9798-178D-4B38-B027-C2882826AC46} = {7266C4A9-E384-DC00-0EB6-47F6002CFBA7}
		{CF2F05A6-65FB-43C9-98DA-0948AD554DDB} = {7266C4A9-E384-DC00-0EB6-47F6002CFBA7}
		{C3879AD7-DE39-4B3B-9130-00861F363E73} = {7266C4A9-E384-DC00-0EB6-47F6002CFBA7}
		{F21C006A-DADE-403C-9015-9900FB5AE9F3} = {7266C4A9-E384-DC00-0EB6-47F6002CFBA7}
		{1C107E66-0419-4C03-AE45-E35DC4E31119} = {7266C4A9-E384-DC00-0EB6-47F6002CFBA7}
		{7E42F928-6B3F-490E-88DF-F272EB61F7E0} = {7266C4A9-E384-DC00-0EB6-47F6002CFBA7}
		{AB5132E4-2D22-4C90-9023-0F20D0160329} = {7266C4A9-E384-DC00-0EB6-47F6002CFBA7}
		{4D1DEAD3-3F44-410D-B618-396456DD66FB} = {7266C4A9-E384-DC00-0EB6-47F6002CFBA7}
		{7B97EA45-5900-4E78-B59A-ADCD59A91E63} = {7266C4A9-E384-DC00-0EB6-47F6002CFBA7}
	EndGlobalSection
EndGlobal
