
Microsoft Visual Studio Solution File, Format Version 12.00
# Visual Studio Version 17
VisualStudioVersion = 17.0.31903.59
MinimumVisualStudioVersion = 10.0.40219.1
Project("{2150E333-8FDC-42A3-9474-1A3956D46DE8}") = "BuildingBlocks", "BuildingBlocks", "{7266C4A9-E384-DC00-0EB6-47F6002CFBA7}"
EndProject
Project("{FAE04EC0-301F-11D3-BF4B-00C04F79EFBC}") = "Notifications.API", "Notifications.API\Notifications.API.csproj", "{7232C02C-9F78-4D70-A563-05444A87AED6}"
EndProject
Project("{FAE04EC0-301F-11D3-BF4B-00C04F79EFBC}") = "BuildingBlocks.Application", "..\..\BuildingBlocks\BuildingBlocks.Application\BuildingBlocks.Application.csproj", "{54D2F199-3191-4370-BE83-5BD0CFF03F07}"
EndProject
Project("{FAE04EC0-301F-11D3-BF4B-00C04F79EFBC}") = "BuildingBlocks.Domain", "..\..\BuildingBlocks\BuildingBlocks.Domain\BuildingBlocks.Domain.csproj", "{325F3F78-A807-484E-B374-343BE98C713C}"
EndProject
Project("{FAE04EC0-301F-11D3-BF4B-00C04F79EFBC}") = "BuildingBlocks.Contracts", "..\..\BuildingBlocks\BuildingBlocks.Contracts\BuildingBlocks.Contracts.csproj", "{3258FA75-D142-4EAA-97C1-E02240C97AE3}"
EndProject
Project("{FAE04EC0-301F-11D3-BF4B-00C04F79EFBC}") = "BuildingBlocks.Infrastructure", "..\..\BuildingBlocks\BuildingBlocks.Infrastructure\BuildingBlocks.Infrastructure.csproj", "{19C69769-E1E2-42AA-BDFC-E88B28B4E63A}"
EndProject
Project("{FAE04EC0-301F-11D3-BF4B-00C04F79EFBC}") = "Notifications.Domain", "Notifications.Domain\Notifications.Domain.csproj", "{43BBC81C-EB95-4512-B4C3-DF6D328402F0}"
EndProject
Project("{FAE04EC0-301F-11D3-BF4B-00C04F79EFBC}") = "Notifications.Application", "Notifications.Application\Notifications.Application.csproj", "{0739B443-9661-4DEE-8A60-0169488E8BB8}"
EndProject
Project("{FAE04EC0-301F-11D3-BF4B-00C04F79EFBC}") = "Notifications.Infrastructure", "Notifications.Infrastructure\Notifications.Infrastructure.csproj", "{7AC47C95-7CC4-450E-99AB-C57ED94358E6}"
EndProject
Global
	GlobalSection(SolutionConfigurationPlatforms) = preSolution
		Debug|Any CPU = Debug|Any CPU
		Debug|x64 = Debug|x64
		Debug|x86 = Debug|x86
		Release|Any CPU = Release|Any CPU
		Release|x64 = Release|x64
		Release|x86 = Release|x86
	EndGlobalSection
	GlobalSection(ProjectConfigurationPlatforms) = postSolution
		{7232C02C-9F78-4D70-A563-05444A87AED6}.Debug|Any CPU.ActiveCfg = Debug|Any CPU
		{7232C02C-9F78-4D70-A563-05444A87AED6}.Debug|Any CPU.Build.0 = Debug|Any CPU
		{7232C02C-9F78-4D70-A563-05444A87AED6}.Debug|x64.ActiveCfg = Debug|Any CPU
		{7232C02C-9F78-4D70-A563-05444A87AED6}.Debug|x64.Build.0 = Debug|Any CPU
		{7232C02C-9F78-4D70-A563-05444A87AED6}.Debug|x86.ActiveCfg = Debug|Any CPU
		{7232C02C-9F78-4D70-A563-05444A87AED6}.Debug|x86.Build.0 = Debug|Any CPU
		{7232C02C-9F78-4D70-A563-05444A87AED6}.Release|Any CPU.ActiveCfg = Release|Any CPU
		{7232C02C-9F78-4D70-A563-05444A87AED6}.Release|Any CPU.Build.0 = Release|Any CPU
		{7232C02C-9F78-4D70-A563-05444A87AED6}.Release|x64.ActiveCfg = Release|Any CPU
		{7232C02C-9F78-4D70-A563-05444A87AED6}.Release|x64.Build.0 = Release|Any CPU
		{7232C02C-9F78-4D70-A563-05444A87AED6}.Release|x86.ActiveCfg = Release|Any CPU
		{7232C02C-9F78-4D70-A563-05444A87AED6}.Release|x86.Build.0 = Release|Any CPU
		{54D2F199-3191-4370-BE83-5BD0CFF03F07}.Debug|Any CPU.ActiveCfg = Debug|Any CPU
		{54D2F199-3191-4370-BE83-5BD0CFF03F07}.Debug|Any CPU.Build.0 = Debug|Any CPU
		{54D2F199-3191-4370-BE83-5BD0CFF03F07}.Debug|x64.ActiveCfg = Debug|Any CPU
		{54D2F199-3191-4370-BE83-5BD0CFF03F07}.Debug|x64.Build.0 = Debug|Any CPU
		{54D2F199-3191-4370-BE83-5BD0CFF03F07}.Debug|x86.ActiveCfg = Debug|Any CPU
		{54D2F199-3191-4370-BE83-5BD0CFF03F07}.Debug|x86.Build.0 = Debug|Any CPU
		{54D2F199-3191-4370-BE83-5BD0CFF03F07}.Release|Any CPU.ActiveCfg = Release|Any CPU
		{54D2F199-3191-4370-BE83-5BD0CFF03F07}.Release|Any CPU.Build.0 = Release|Any CPU
		{54D2F199-3191-4370-BE83-5BD0CFF03F07}.Release|x64.ActiveCfg = Release|Any CPU
		{54D2F199-3191-4370-BE83-5BD0CFF03F07}.Release|x64.Build.0 = Release|Any CPU
		{54D2F199-3191-4370-BE83-5BD0CFF03F07}.Release|x86.ActiveCfg = Release|Any CPU
		{54D2F199-3191-4370-BE83-5BD0CFF03F07}.Release|x86.Build.0 = Release|Any CPU
		{325F3F78-A807-484E-B374-343BE98C713C}.Debug|Any CPU.ActiveCfg = Debug|Any CPU
		{325F3F78-A807-484E-B374-343BE98C713C}.Debug|Any CPU.Build.0 = Debug|Any CPU
		{325F3F78-A807-484E-B374-343BE98C713C}.Debug|x64.ActiveCfg = Debug|Any CPU
		{325F3F78-A807-484E-B374-343BE98C713C}.Debug|x64.Build.0 = Debug|Any CPU
		{325F3F78-A807-484E-B374-343BE98C713C}.Debug|x86.ActiveCfg = Debug|Any CPU
		{325F3F78-A807-484E-B374-343BE98C713C}.Debug|x86.Build.0 = Debug|Any CPU
		{325F3F78-A807-484E-B374-343BE98C713C}.Release|Any CPU.ActiveCfg = Release|Any CPU
		{325F3F78-A807-484E-B374-343BE98C713C}.Release|Any CPU.Build.0 = Release|Any CPU
		{325F3F78-A807-484E-B374-343BE98C713C}.Release|x64.ActiveCfg = Release|Any CPU
		{325F3F78-A807-484E-B374-343BE98C713C}.Release|x64.Build.0 = Release|Any CPU
		{325F3F78-A807-484E-B374-343BE98C713C}.Release|x86.ActiveCfg = Release|Any CPU
		{325F3F78-A807-484E-B374-343BE98C713C}.Release|x86.Build.0 = Release|Any CPU
		{3258FA75-D142-4EAA-97C1-E02240C97AE3}.Debug|Any CPU.ActiveCfg = Debug|Any CPU
		{3258FA75-D142-4EAA-97C1-E02240C97AE3}.Debug|Any CPU.Build.0 = Debug|Any CPU
		{3258FA75-D142-4EAA-97C1-E02240C97AE3}.Debug|x64.ActiveCfg = Debug|Any CPU
		{3258FA75-D142-4EAA-97C1-E02240C97AE3}.Debug|x64.Build.0 = Debug|Any CPU
		{3258FA75-D142-4EAA-97C1-E02240C97AE3}.Debug|x86.ActiveCfg = Debug|Any CPU
		{3258FA75-D142-4EAA-97C1-E02240C97AE3}.Debug|x86.Build.0 = Debug|Any CPU
		{3258FA75-D142-4EAA-97C1-E02240C97AE3}.Release|Any CPU.ActiveCfg = Release|Any CPU
		{3258FA75-D142-4EAA-97C1-E02240C97AE3}.Release|Any CPU.Build.0 = Release|Any CPU
		{3258FA75-D142-4EAA-97C1-E02240C97AE3}.Release|x64.ActiveCfg = Release|Any CPU
		{3258FA75-D142-4EAA-97C1-E02240C97AE3}.Release|x64.Build.0 = Release|Any CPU
		{3258FA75-D142-4EAA-97C1-E02240C97AE3}.Release|x86.ActiveCfg = Release|Any CPU
		{3258FA75-D142-4EAA-97C1-E02240C97AE3}.Release|x86.Build.0 = Release|Any CPU
		{19C69769-E1E2-42AA-BDFC-E88B28B4E63A}.Debug|Any CPU.ActiveCfg = Debug|Any CPU
		{19C69769-E1E2-42AA-BDFC-E88B28B4E63A}.Debug|Any CPU.Build.0 = Debug|Any CPU
		{19C69769-E1E2-42AA-BDFC-E88B28B4E63A}.Debug|x64.ActiveCfg = Debug|Any CPU
		{19C69769-E1E2-42AA-BDFC-E88B28B4E63A}.Debug|x64.Build.0 = Debug|Any CPU
		{19C69769-E1E2-42AA-BDFC-E88B28B4E63A}.Debug|x86.ActiveCfg = Debug|Any CPU
		{19C69769-E1E2-42AA-BDFC-E88B28B4E63A}.Debug|x86.Build.0 = Debug|Any CPU
		{19C69769-E1E2-42AA-BDFC-E88B28B4E63A}.Release|Any CPU.ActiveCfg = Release|Any CPU
		{19C69769-E1E2-42AA-BDFC-E88B28B4E63A}.Release|Any CPU.Build.0 = Release|Any CPU
		{19C69769-E1E2-42AA-BDFC-E88B28B4E63A}.Release|x64.ActiveCfg = Release|Any CPU
		{19C69769-E1E2-42AA-BDFC-E88B28B4E63A}.Release|x64.Build.0 = Release|Any CPU
		{19C69769-E1E2-42AA-BDFC-E88B28B4E63A}.Release|x86.ActiveCfg = Release|Any CPU
		{19C69769-E1E2-42AA-BDFC-E88B28B4E63A}.Release|x86.Build.0 = Release|Any CPU
		{43BBC81C-EB95-4512-B4C3-DF6D328402F0}.Debug|Any CPU.ActiveCfg = Debug|Any CPU
		{43BBC81C-EB95-4512-B4C3-DF6D328402F0}.Debug|Any CPU.Build.0 = Debug|Any CPU
		{43BBC81C-EB95-4512-B4C3-DF6D328402F0}.Debug|x64.ActiveCfg = Debug|Any CPU
		{43BBC81C-EB95-4512-B4C3-DF6D328402F0}.Debug|x64.Build.0 = Debug|Any CPU
		{43BBC81C-EB95-4512-B4C3-DF6D328402F0}.Debug|x86.ActiveCfg = Debug|Any CPU
		{43BBC81C-EB95-4512-B4C3-DF6D328402F0}.Debug|x86.Build.0 = Debug|Any CPU
		{43BBC81C-EB95-4512-B4C3-DF6D328402F0}.Release|Any CPU.ActiveCfg = Release|Any CPU
		{43BBC81C-EB95-4512-B4C3-DF6D328402F0}.Release|Any CPU.Build.0 = Release|Any CPU
		{43BBC81C-EB95-4512-B4C3-DF6D328402F0}.Release|x64.ActiveCfg = Release|Any CPU
		{43BBC81C-EB95-4512-B4C3-DF6D328402F0}.Release|x64.Build.0 = Release|Any CPU
		{43BBC81C-EB95-4512-B4C3-DF6D328402F0}.Release|x86.ActiveCfg = Release|Any CPU
		{43BBC81C-EB95-4512-B4C3-DF6D328402F0}.Release|x86.Build.0 = Release|Any CPU
		{0739B443-9661-4DEE-8A60-0169488E8BB8}.Debug|Any CPU.ActiveCfg = Debug|Any CPU
		{0739B443-9661-4DEE-8A60-0169488E8BB8}.Debug|Any CPU.Build.0 = Debug|Any CPU
		{0739B443-9661-4DEE-8A60-0169488E8BB8}.Debug|x64.ActiveCfg = Debug|Any CPU
		{0739B443-9661-4DEE-8A60-0169488E8BB8}.Debug|x64.Build.0 = Debug|Any CPU
		{0739B443-9661-4DEE-8A60-0169488E8BB8}.Debug|x86.ActiveCfg = Debug|Any CPU
		{0739B443-9661-4DEE-8A60-0169488E8BB8}.Debug|x86.Build.0 = Debug|Any CPU
		{0739B443-9661-4DEE-8A60-0169488E8BB8}.Release|Any CPU.ActiveCfg = Release|Any CPU
		{0739B443-9661-4DEE-8A60-0169488E8BB8}.Release|Any CPU.Build.0 = Release|Any CPU
		{0739B443-9661-4DEE-8A60-0169488E8BB8}.Release|x64.ActiveCfg = Release|Any CPU
		{0739B443-9661-4DEE-8A60-0169488E8BB8}.Release|x64.Build.0 = Release|Any CPU
		{0739B443-9661-4DEE-8A60-0169488E8BB8}.Release|x86.ActiveCfg = Release|Any CPU
		{0739B443-9661-4DEE-8A60-0169488E8BB8}.Release|x86.Build.0 = Release|Any CPU
		{7AC47C95-7CC4-450E-99AB-C57ED94358E6}.Debug|Any CPU.ActiveCfg = Debug|Any CPU
		{7AC47C95-7CC4-450E-99AB-C57ED94358E6}.Debug|Any CPU.Build.0 = Debug|Any CPU
		{7AC47C95-7CC4-450E-99AB-C57ED94358E6}.Debug|x64.ActiveCfg = Debug|Any CPU
		{7AC47C95-7CC4-450E-99AB-C57ED94358E6}.Debug|x64.Build.0 = Debug|Any CPU
		{7AC47C95-7CC4-450E-99AB-C57ED94358E6}.Debug|x86.ActiveCfg = Debug|Any CPU
		{7AC47C95-7CC4-450E-99AB-C57ED94358E6}.Debug|x86.Build.0 = Debug|Any CPU
		{7AC47C95-7CC4-450E-99AB-C57ED94358E6}.Release|Any CPU.ActiveCfg = Release|Any CPU
		{7AC47C95-7CC4-450E-99AB-C57ED94358E6}.Release|Any CPU.Build.0 = Release|Any CPU
		{7AC47C95-7CC4-450E-99AB-C57ED94358E6}.Release|x64.ActiveCfg = Release|Any CPU
		{7AC47C95-7CC4-450E-99AB-C57ED94358E6}.Release|x64.Build.0 = Release|Any CPU
		{7AC47C95-7CC4-450E-99AB-C57ED94358E6}.Release|x86.ActiveCfg = Release|Any CPU
		{7AC47C95-7CC4-450E-99AB-C57ED94358E6}.Release|x86.Build.0 = Release|Any CPU
	EndGlobalSection
	GlobalSection(SolutionProperties) = preSolution
		HideSolutionNode = FALSE
	EndGlobalSection
	GlobalSection(NestedProjects) = preSolution
		{7232C02C-9F78-4D70-A563-05444A87AED6} = {7266C4A9-E384-DC00-0EB6-47F6002CFBA7}
		{54D2F199-3191-4370-BE83-5BD0CFF03F07} = {7266C4A9-E384-DC00-0EB6-47F6002CFBA7}
		{325F3F78-A807-484E-B374-343BE98C713C} = {7266C4A9-E384-DC00-0EB6-47F6002CFBA7}
		{3258FA75-D142-4EAA-97C1-E02240C97AE3} = {7266C4A9-E384-DC00-0EB6-47F6002CFBA7}
		{19C69769-E1E2-42AA-BDFC-E88B28B4E63A} = {7266C4A9-E384-DC00-0EB6-47F6002CFBA7}
	EndGlobalSection
EndGlobal
